// !$*UTF8*$!
{
	archiveVersion = 1;
	classes = {
	};
	objectVersion = 55;
	objects = {

/* Begin PBXBuildFile section */
		8A6B155365F0AD9DE2737496 /* Pods_Melly.framework in Frameworks */ = {isa = PBXBuildFile; fileRef = 3A7603E7F416A7C7EC318D97 /* Pods_Melly.framework */; };
		BF03B8F128FE465400CBAE97 /* Group.swift in Sources */ = {isa = PBXBuildFile; fileRef = BF03B8F028FE465400CBAE97 /* Group.swift */; };
		BF075F8128E52BC500E581E7 /* Marker.swift in Sources */ = {isa = PBXBuildFile; fileRef = BF075F8028E52BC500E581E7 /* Marker.swift */; };
		BF075F8428E52D6B00E581E7 /* MainMapViewModel.swift in Sources */ = {isa = PBXBuildFile; fileRef = BF075F8328E52D6B00E581E7 /* MainMapViewModel.swift */; };
		BF0A11C928CDCDEB00B06DE1 /* SideBarViewController.swift in Sources */ = {isa = PBXBuildFile; fileRef = BF0A11C828CDCDEB00B06DE1 /* SideBarViewController.swift */; };
		BF2525BB2900E24E00F4E177 /* FooterLoadingView.swift in Sources */ = {isa = PBXBuildFile; fileRef = BF2525BA2900E24E00F4E177 /* FooterLoadingView.swift */; };
		BF2814FF28EBC619004F6A31 /* ResearchLaunchViewController.swift in Sources */ = {isa = PBXBuildFile; fileRef = BF2814FE28EBC619004F6A31 /* ResearchLaunchViewController.swift */; };
		BF28150128EBE54A004F6A31 /* ResearchMainViewController.swift in Sources */ = {isa = PBXBuildFile; fileRef = BF28150028EBE54A004F6A31 /* ResearchMainViewController.swift */; };
		BF28150328EBF7E7004F6A31 /* ResearchMainViewModel.swift in Sources */ = {isa = PBXBuildFile; fileRef = BF28150228EBF7E7004F6A31 /* ResearchMainViewModel.swift */; };
		BF3121DA28E8185F003916A4 /* ITLocation.swift in Sources */ = {isa = PBXBuildFile; fileRef = BF3121D928E8185F003916A4 /* ITLocation.swift */; };
		BF3121DC28E81C83003916A4 /* RecommandViewModel.swift in Sources */ = {isa = PBXBuildFile; fileRef = BF3121DB28E81C83003916A4 /* RecommandViewModel.swift */; };
		BF34F87B28D1915B00EA1C16 /* User.swift in Sources */ = {isa = PBXBuildFile; fileRef = BF34F87A28D1915B00EA1C16 /* User.swift */; };
		BF34F87D28D19DE700EA1C16 /* CustomComponent.swift in Sources */ = {isa = PBXBuildFile; fileRef = BF34F87C28D19DE700EA1C16 /* CustomComponent.swift */; };
		BF34F88128D1A60400EA1C16 /* DefaultLoginViewController.swift in Sources */ = {isa = PBXBuildFile; fileRef = BF34F88028D1A60300EA1C16 /* DefaultLoginViewController.swift */; };
		BF3F0E9A28DD701900AED582 /* SignUpZeroViewController.swift in Sources */ = {isa = PBXBuildFile; fileRef = BF3F0E9928DD701800AED582 /* SignUpZeroViewController.swift */; };
		BF3F0E9C28DD70F500AED582 /* SignUpZeroViewModel.swift in Sources */ = {isa = PBXBuildFile; fileRef = BF3F0E9B28DD70F400AED582 /* SignUpZeroViewModel.swift */; };
		BF5A7F4528D0591A000A1B08 /* MainMapViewController.swift in Sources */ = {isa = PBXBuildFile; fileRef = BF5A7F4428D0591A000A1B08 /* MainMapViewController.swift */; };
		BF5A7F4728D05926000A1B08 /* ContainerViewController.swift in Sources */ = {isa = PBXBuildFile; fileRef = BF5A7F4628D05926000A1B08 /* ContainerViewController.swift */; };
		BF5AEB4628EF0C6400537ED5 /* SearchViewModel.swift in Sources */ = {isa = PBXBuildFile; fileRef = BF5AEB4528EF0C6400537ED5 /* SearchViewModel.swift */; };
		BF638A8E28DAA96D0031233F /* ResponseData.swift in Sources */ = {isa = PBXBuildFile; fileRef = BF638A8D28DAA96D0031233F /* ResponseData.swift */; };
		BF638A9228DAD6050031233F /* FoundationExtension.swift in Sources */ = {isa = PBXBuildFile; fileRef = BF638A9128DAD6050031233F /* FoundationExtension.swift */; };
		BF638A9528DADFD10031233F /* Enum.swift in Sources */ = {isa = PBXBuildFile; fileRef = BF638A9428DADFD10031233F /* Enum.swift */; };
		BF63C38A28DBED2E00A37CF3 /* Pretendard-Bold.otf in Resources */ = {isa = PBXBuildFile; fileRef = BF63C38628DBED2E00A37CF3 /* Pretendard-Bold.otf */; };
		BF63C38B28DBED2E00A37CF3 /* Pretendard-Medium.otf in Resources */ = {isa = PBXBuildFile; fileRef = BF63C38728DBED2E00A37CF3 /* Pretendard-Medium.otf */; };
		BF63C38C28DBED2E00A37CF3 /* Pretendard-Regular.otf in Resources */ = {isa = PBXBuildFile; fileRef = BF63C38828DBED2E00A37CF3 /* Pretendard-Regular.otf */; };
		BF63C38D28DBED2E00A37CF3 /* Pretendard-SemiBold.otf in Resources */ = {isa = PBXBuildFile; fileRef = BF63C38928DBED2E00A37CF3 /* Pretendard-SemiBold.otf */; };
		BF6DB829290ACDD2009B735F /* SettingViewController.swift in Sources */ = {isa = PBXBuildFile; fileRef = BF6DB828290ACDD2009B735F /* SettingViewController.swift */; };
		BF6DB82C290AD673009B735F /* NoticeViewController.swift in Sources */ = {isa = PBXBuildFile; fileRef = BF6DB82B290AD673009B735F /* NoticeViewController.swift */; };
		BF6DB82E290AD9AE009B735F /* NoticeViewModel.swift in Sources */ = {isa = PBXBuildFile; fileRef = BF6DB82D290AD9AE009B735F /* NoticeViewModel.swift */; };
		BF72FC6529051DE10076AEF8 /* MemoryDetailViewController.swift in Sources */ = {isa = PBXBuildFile; fileRef = BF72FC6429051DE10076AEF8 /* MemoryDetailViewController.swift */; };
		BF72FC68290527570076AEF8 /* MyMemoryViewController.swift in Sources */ = {isa = PBXBuildFile; fileRef = BF72FC67290527570076AEF8 /* MyMemoryViewController.swift */; };
		BF72FC6A29052F790076AEF8 /* MyMemoryViewModel.swift in Sources */ = {isa = PBXBuildFile; fileRef = BF72FC6929052F790076AEF8 /* MyMemoryViewModel.swift */; };
		BF72FC6C29053B3F0076AEF8 /* MyProfileViewController.swift in Sources */ = {isa = PBXBuildFile; fileRef = BF72FC6B29053B3F0076AEF8 /* MyProfileViewController.swift */; };
		BF72FC6E290541150076AEF8 /* ProfileEditViewController.swift in Sources */ = {isa = PBXBuildFile; fileRef = BF72FC6D290541150076AEF8 /* ProfileEditViewController.swift */; };
		BF7CAAFF28DE04B60076CD1A /* AgreeNTermsText.swift in Sources */ = {isa = PBXBuildFile; fileRef = BF7CAAFE28DE04B60076CD1A /* AgreeNTermsText.swift */; };
		BF7E3CCA28D43F0E007C3236 /* DefaultLoginVIewModel.swift in Sources */ = {isa = PBXBuildFile; fileRef = BF7E3CC928D43F0E007C3236 /* DefaultLoginVIewModel.swift */; };
		BF81F96E28E1732A007E5D35 /* RecommandCollectionViewCell.swift in Sources */ = {isa = PBXBuildFile; fileRef = BF81F96D28E1732A007E5D35 /* RecommandCollectionViewCell.swift */; };
		BF8F9AD728D064D700EAA49E /* RecommandViewController.swift in Sources */ = {isa = PBXBuildFile; fileRef = BF8F9AD628D064D700EAA49E /* RecommandViewController.swift */; };
		BF957BCF290B65D80056E99D /* GroupViewController.swift in Sources */ = {isa = PBXBuildFile; fileRef = BF957BCE290B65D80056E99D /* GroupViewController.swift */; };
		BF957BD1290B6D8B0056E99D /* GroupViewModel.swift in Sources */ = {isa = PBXBuildFile; fileRef = BF957BD0290B6D8B0056E99D /* GroupViewModel.swift */; };
		BF957BD3290B74490056E99D /* GroupAddViewController.swift in Sources */ = {isa = PBXBuildFile; fileRef = BF957BD2290B74490056E99D /* GroupAddViewController.swift */; };
		BF957BD5290BBA730056E99D /* GroupEditViewModel.swift in Sources */ = {isa = PBXBuildFile; fileRef = BF957BD4290BBA730056E99D /* GroupEditViewModel.swift */; };
		BF957BD7290BCF920056E99D /* GroupDetailViewController.swift in Sources */ = {isa = PBXBuildFile; fileRef = BF957BD6290BCF920056E99D /* GroupDetailViewController.swift */; };
		BFA3398F28C82A4E00C1CD4C /* GoogleService-Info.plist in Resources */ = {isa = PBXBuildFile; fileRef = BFA3398E28C82A4E00C1CD4C /* GoogleService-Info.plist */; };
		BFA3399328C832E500C1CD4C /* MainLoginViewController.swift in Sources */ = {isa = PBXBuildFile; fileRef = BFA3399228C832E500C1CD4C /* MainLoginViewController.swift */; };
		BFA3399628C8349B00C1CD4C /* UIKitExtension.swift in Sources */ = {isa = PBXBuildFile; fileRef = BFA3399528C8349B00C1CD4C /* UIKitExtension.swift */; };
		BFA3399828C836F300C1CD4C /* MainLoginViewModel.swift in Sources */ = {isa = PBXBuildFile; fileRef = BFA3399728C836F300C1CD4C /* MainLoginViewModel.swift */; };
		BFB5015029065F21000621DC /* MemoryDetailViewModel.swift in Sources */ = {isa = PBXBuildFile; fileRef = BFB5014F29065F21000621DC /* MemoryDetailViewModel.swift */; };
		BFBEB9E628FFD3E60074E6B7 /* Memory.swift in Sources */ = {isa = PBXBuildFile; fileRef = BFBEB9E528FFD3E60074E6B7 /* Memory.swift */; };
		BFC9367E28F6475600A2C53F /* MemoryListViewController.swift in Sources */ = {isa = PBXBuildFile; fileRef = BFC9367D28F6475600A2C53F /* MemoryListViewController.swift */; };
		BFC9368128F6A44100A2C53F /* OurMemoryListViewController.swift in Sources */ = {isa = PBXBuildFile; fileRef = BFC9368028F6A44100A2C53F /* OurMemoryListViewController.swift */; };
		BFC9368328F6A46C00A2C53F /* OtherMemoryListViewController.swift in Sources */ = {isa = PBXBuildFile; fileRef = BFC9368228F6A46C00A2C53F /* OtherMemoryListViewController.swift */; };
		BFC9368528F6A57A00A2C53F /* MemoryListCollectionViewCell.swift in Sources */ = {isa = PBXBuildFile; fileRef = BFC9368428F6A57A00A2C53F /* MemoryListCollectionViewCell.swift */; };
		BFC9AFAB2907B8C700BA2043 /* CommentCell.swift in Sources */ = {isa = PBXBuildFile; fileRef = BFC9AFAA2907B8C700BA2043 /* CommentCell.swift */; };
		BFC9AFAD2907BC9D00BA2043 /* MyPageViewModel.swift in Sources */ = {isa = PBXBuildFile; fileRef = BFC9AFAC2907BC9D00BA2043 /* MyPageViewModel.swift */; };
		BFD0F7A228EEB40C0053C5CC /* SearchLocation.swift in Sources */ = {isa = PBXBuildFile; fileRef = BFD0F7A128EEB40C0053C5CC /* SearchLocation.swift */; };
		BFD664BA28F93E890036EBF3 /* MemoryWriteViewModel.swift in Sources */ = {isa = PBXBuildFile; fileRef = BFD664B928F93E890036EBF3 /* MemoryWriteViewModel.swift */; };
		BFD6C56D28D723CD0092A6E5 /* SignUpOneViewController.swift in Sources */ = {isa = PBXBuildFile; fileRef = BFD6C56C28D723CD0092A6E5 /* SignUpOneViewController.swift */; };
		BFD6C56F28D724160092A6E5 /* SignUpOneViewModel.swift in Sources */ = {isa = PBXBuildFile; fileRef = BFD6C56E28D724160092A6E5 /* SignUpOneViewModel.swift */; };
		BFD6C57428D733260092A6E5 /* SignUpTwoViewModel.swift in Sources */ = {isa = PBXBuildFile; fileRef = BFD6C57328D733260092A6E5 /* SignUpTwoViewModel.swift */; };
		BFD6C57628D7373F0092A6E5 /* SignUpTwoViewController.swift in Sources */ = {isa = PBXBuildFile; fileRef = BFD6C57528D7373F0092A6E5 /* SignUpTwoViewController.swift */; };
		BFDA0B2C28F533E0008FE376 /* ScrapViewController.swift in Sources */ = {isa = PBXBuildFile; fileRef = BFDA0B2B28F533E0008FE376 /* ScrapViewController.swift */; };
		BFDA0B3028F54190008FE376 /* PopUpViewModel.swift in Sources */ = {isa = PBXBuildFile; fileRef = BFDA0B2F28F54190008FE376 /* PopUpViewModel.swift */; };
		BFDC1BF728D8094A005ADC6A /* SignUpThreeViewController.swift in Sources */ = {isa = PBXBuildFile; fileRef = BFDC1BF628D8094A005ADC6A /* SignUpThreeViewController.swift */; };
		BFDC1BF928D8096D005ADC6A /* SignUpThreeViewModel.swift in Sources */ = {isa = PBXBuildFile; fileRef = BFDC1BF828D8096D005ADC6A /* SignUpThreeViewModel.swift */; };
		BFDDED5F28F7EAD5003AE5DA /* MemoryListViewModel.swift in Sources */ = {isa = PBXBuildFile; fileRef = BFDDED5E28F7EAD5003AE5DA /* MemoryListViewModel.swift */; };
		BFDDED6228F80665003AE5DA /* MemoryWriteViewController.swift in Sources */ = {isa = PBXBuildFile; fileRef = BFDDED6128F80665003AE5DA /* MemoryWriteViewController.swift */; };
		BFDE616E28ED12A10099FF97 /* ResearchLoadingViewController.swift in Sources */ = {isa = PBXBuildFile; fileRef = BFDE616D28ED12A10099FF97 /* ResearchLoadingViewController.swift */; };
		BFDE617128ED13F70099FF97 /* SearchViewController.swift in Sources */ = {isa = PBXBuildFile; fileRef = BFDE617028ED13F70099FF97 /* SearchViewController.swift */; };
		BFDE617328ED179F0099FF97 /* ResearchResultViewController.swift in Sources */ = {isa = PBXBuildFile; fileRef = BFDE617228ED179F0099FF97 /* ResearchResultViewController.swift */; };
		BFDE617628ED59DB0099FF97 /* LocationViewController.swift in Sources */ = {isa = PBXBuildFile; fileRef = BFDE617528ED59DB0099FF97 /* LocationViewController.swift */; };
		BFF661042908C6F9003E998B /* CommentHeaderView.swift in Sources */ = {isa = PBXBuildFile; fileRef = BFF661032908C6F9003E998B /* CommentHeaderView.swift */; };
		BFF6610829091FC4003E998B /* Comment.swift in Sources */ = {isa = PBXBuildFile; fileRef = BFF6610729091FC4003E998B /* Comment.swift */; };
		BFF6610A290920EC003E998B /* CommentFooterView.swift in Sources */ = {isa = PBXBuildFile; fileRef = BFF66109290920EC003E998B /* CommentFooterView.swift */; };
		BFF84EAC28C6D40B00892CB5 /* AppDelegate.swift in Sources */ = {isa = PBXBuildFile; fileRef = BFF84EAB28C6D40B00892CB5 /* AppDelegate.swift */; };
		BFF84EAE28C6D40B00892CB5 /* SceneDelegate.swift in Sources */ = {isa = PBXBuildFile; fileRef = BFF84EAD28C6D40B00892CB5 /* SceneDelegate.swift */; };
		BFF84EB028C6D40B00892CB5 /* SplashViewController.swift in Sources */ = {isa = PBXBuildFile; fileRef = BFF84EAF28C6D40B00892CB5 /* SplashViewController.swift */; };
		BFF84EB528C6D40D00892CB5 /* Assets.xcassets in Resources */ = {isa = PBXBuildFile; fileRef = BFF84EB428C6D40D00892CB5 /* Assets.xcassets */; };
		BFF84EB828C6D40D00892CB5 /* LaunchScreen.storyboard in Resources */ = {isa = PBXBuildFile; fileRef = BFF84EB628C6D40D00892CB5 /* LaunchScreen.storyboard */; };
		BFFD000129025D7100AACD16 /* ContainerViewModel.swift in Sources */ = {isa = PBXBuildFile; fileRef = BFFD000029025D7100AACD16 /* ContainerViewModel.swift */; };
		BFFDFFFF2902314100AACD16 /* MyPageViewController.swift in Sources */ = {isa = PBXBuildFile; fileRef = BFFDFFFE2902314100AACD16 /* MyPageViewController.swift */; };
/* End PBXBuildFile section */

/* Begin PBXFileReference section */
		071A50D0B491B33B25C24E7C /* Pods-Melly.debug.xcconfig */ = {isa = PBXFileReference; includeInIndex = 1; lastKnownFileType = text.xcconfig; name = "Pods-Melly.debug.xcconfig"; path = "Target Support Files/Pods-Melly/Pods-Melly.debug.xcconfig"; sourceTree = "<group>"; };
		3A7603E7F416A7C7EC318D97 /* Pods_Melly.framework */ = {isa = PBXFileReference; explicitFileType = wrapper.framework; includeInIndex = 0; path = Pods_Melly.framework; sourceTree = BUILT_PRODUCTS_DIR; };
		8ABC0D681966E3BF5094BEBD /* Pods-Melly.release.xcconfig */ = {isa = PBXFileReference; includeInIndex = 1; lastKnownFileType = text.xcconfig; name = "Pods-Melly.release.xcconfig"; path = "Target Support Files/Pods-Melly/Pods-Melly.release.xcconfig"; sourceTree = "<group>"; };
		BF03B8F028FE465400CBAE97 /* Group.swift */ = {isa = PBXFileReference; lastKnownFileType = sourcecode.swift; path = Group.swift; sourceTree = "<group>"; };
		BF075F8028E52BC500E581E7 /* Marker.swift */ = {isa = PBXFileReference; lastKnownFileType = sourcecode.swift; path = Marker.swift; sourceTree = "<group>"; };
		BF075F8328E52D6B00E581E7 /* MainMapViewModel.swift */ = {isa = PBXFileReference; lastKnownFileType = sourcecode.swift; path = MainMapViewModel.swift; sourceTree = "<group>"; };
		BF0A11C828CDCDEB00B06DE1 /* SideBarViewController.swift */ = {isa = PBXFileReference; lastKnownFileType = sourcecode.swift; path = SideBarViewController.swift; sourceTree = "<group>"; };
		BF2525BA2900E24E00F4E177 /* FooterLoadingView.swift */ = {isa = PBXFileReference; lastKnownFileType = sourcecode.swift; path = FooterLoadingView.swift; sourceTree = "<group>"; };
		BF2814FE28EBC619004F6A31 /* ResearchLaunchViewController.swift */ = {isa = PBXFileReference; lastKnownFileType = sourcecode.swift; path = ResearchLaunchViewController.swift; sourceTree = "<group>"; };
		BF28150028EBE54A004F6A31 /* ResearchMainViewController.swift */ = {isa = PBXFileReference; lastKnownFileType = sourcecode.swift; path = ResearchMainViewController.swift; sourceTree = "<group>"; };
		BF28150228EBF7E7004F6A31 /* ResearchMainViewModel.swift */ = {isa = PBXFileReference; lastKnownFileType = sourcecode.swift; path = ResearchMainViewModel.swift; sourceTree = "<group>"; };
		BF3121D928E8185F003916A4 /* ITLocation.swift */ = {isa = PBXFileReference; lastKnownFileType = sourcecode.swift; path = ITLocation.swift; sourceTree = "<group>"; };
		BF3121DB28E81C83003916A4 /* RecommandViewModel.swift */ = {isa = PBXFileReference; lastKnownFileType = sourcecode.swift; path = RecommandViewModel.swift; sourceTree = "<group>"; };
		BF34F87A28D1915B00EA1C16 /* User.swift */ = {isa = PBXFileReference; lastKnownFileType = sourcecode.swift; path = User.swift; sourceTree = "<group>"; };
		BF34F87C28D19DE700EA1C16 /* CustomComponent.swift */ = {isa = PBXFileReference; lastKnownFileType = sourcecode.swift; path = CustomComponent.swift; sourceTree = "<group>"; };
		BF34F88028D1A60300EA1C16 /* DefaultLoginViewController.swift */ = {isa = PBXFileReference; lastKnownFileType = sourcecode.swift; path = DefaultLoginViewController.swift; sourceTree = "<group>"; };
		BF3F0E9928DD701800AED582 /* SignUpZeroViewController.swift */ = {isa = PBXFileReference; lastKnownFileType = sourcecode.swift; path = SignUpZeroViewController.swift; sourceTree = "<group>"; };
		BF3F0E9B28DD70F400AED582 /* SignUpZeroViewModel.swift */ = {isa = PBXFileReference; lastKnownFileType = sourcecode.swift; path = SignUpZeroViewModel.swift; sourceTree = "<group>"; };
		BF5A7F4428D0591A000A1B08 /* MainMapViewController.swift */ = {isa = PBXFileReference; lastKnownFileType = sourcecode.swift; path = MainMapViewController.swift; sourceTree = "<group>"; };
		BF5A7F4628D05926000A1B08 /* ContainerViewController.swift */ = {isa = PBXFileReference; lastKnownFileType = sourcecode.swift; path = ContainerViewController.swift; sourceTree = "<group>"; };
		BF5AEB4528EF0C6400537ED5 /* SearchViewModel.swift */ = {isa = PBXFileReference; lastKnownFileType = sourcecode.swift; path = SearchViewModel.swift; sourceTree = "<group>"; };
		BF638A8D28DAA96D0031233F /* ResponseData.swift */ = {isa = PBXFileReference; lastKnownFileType = sourcecode.swift; path = ResponseData.swift; sourceTree = "<group>"; };
		BF638A9128DAD6050031233F /* FoundationExtension.swift */ = {isa = PBXFileReference; lastKnownFileType = sourcecode.swift; path = FoundationExtension.swift; sourceTree = "<group>"; };
		BF638A9428DADFD10031233F /* Enum.swift */ = {isa = PBXFileReference; lastKnownFileType = sourcecode.swift; path = Enum.swift; sourceTree = "<group>"; };
		BF63C38628DBED2E00A37CF3 /* Pretendard-Bold.otf */ = {isa = PBXFileReference; lastKnownFileType = file; path = "Pretendard-Bold.otf"; sourceTree = "<group>"; };
		BF63C38728DBED2E00A37CF3 /* Pretendard-Medium.otf */ = {isa = PBXFileReference; lastKnownFileType = file; path = "Pretendard-Medium.otf"; sourceTree = "<group>"; };
		BF63C38828DBED2E00A37CF3 /* Pretendard-Regular.otf */ = {isa = PBXFileReference; lastKnownFileType = file; path = "Pretendard-Regular.otf"; sourceTree = "<group>"; };
		BF63C38928DBED2E00A37CF3 /* Pretendard-SemiBold.otf */ = {isa = PBXFileReference; lastKnownFileType = file; path = "Pretendard-SemiBold.otf"; sourceTree = "<group>"; };
		BF6DB828290ACDD2009B735F /* SettingViewController.swift */ = {isa = PBXFileReference; lastKnownFileType = sourcecode.swift; path = SettingViewController.swift; sourceTree = "<group>"; };
		BF6DB82B290AD673009B735F /* NoticeViewController.swift */ = {isa = PBXFileReference; lastKnownFileType = sourcecode.swift; path = NoticeViewController.swift; sourceTree = "<group>"; };
		BF6DB82D290AD9AE009B735F /* NoticeViewModel.swift */ = {isa = PBXFileReference; lastKnownFileType = sourcecode.swift; path = NoticeViewModel.swift; sourceTree = "<group>"; };
		BF72FC6429051DE10076AEF8 /* MemoryDetailViewController.swift */ = {isa = PBXFileReference; lastKnownFileType = sourcecode.swift; path = MemoryDetailViewController.swift; sourceTree = "<group>"; };
		BF72FC67290527570076AEF8 /* MyMemoryViewController.swift */ = {isa = PBXFileReference; lastKnownFileType = sourcecode.swift; path = MyMemoryViewController.swift; sourceTree = "<group>"; };
		BF72FC6929052F790076AEF8 /* MyMemoryViewModel.swift */ = {isa = PBXFileReference; lastKnownFileType = sourcecode.swift; path = MyMemoryViewModel.swift; sourceTree = "<group>"; };
		BF72FC6B29053B3F0076AEF8 /* MyProfileViewController.swift */ = {isa = PBXFileReference; lastKnownFileType = sourcecode.swift; path = MyProfileViewController.swift; sourceTree = "<group>"; };
		BF72FC6D290541150076AEF8 /* ProfileEditViewController.swift */ = {isa = PBXFileReference; lastKnownFileType = sourcecode.swift; path = ProfileEditViewController.swift; sourceTree = "<group>"; };
		BF7CAAFE28DE04B60076CD1A /* AgreeNTermsText.swift */ = {isa = PBXFileReference; lastKnownFileType = sourcecode.swift; path = AgreeNTermsText.swift; sourceTree = "<group>"; };
		BF7E3CC928D43F0E007C3236 /* DefaultLoginVIewModel.swift */ = {isa = PBXFileReference; lastKnownFileType = sourcecode.swift; path = DefaultLoginVIewModel.swift; sourceTree = "<group>"; };
		BF81F96D28E1732A007E5D35 /* RecommandCollectionViewCell.swift */ = {isa = PBXFileReference; lastKnownFileType = sourcecode.swift; path = RecommandCollectionViewCell.swift; sourceTree = "<group>"; };
		BF8F9AD628D064D700EAA49E /* RecommandViewController.swift */ = {isa = PBXFileReference; lastKnownFileType = sourcecode.swift; path = RecommandViewController.swift; sourceTree = "<group>"; };
		BF957BCE290B65D80056E99D /* GroupViewController.swift */ = {isa = PBXFileReference; lastKnownFileType = sourcecode.swift; path = GroupViewController.swift; sourceTree = "<group>"; };
		BF957BD0290B6D8B0056E99D /* GroupViewModel.swift */ = {isa = PBXFileReference; lastKnownFileType = sourcecode.swift; path = GroupViewModel.swift; sourceTree = "<group>"; };
		BF957BD2290B74490056E99D /* GroupAddViewController.swift */ = {isa = PBXFileReference; lastKnownFileType = sourcecode.swift; path = GroupAddViewController.swift; sourceTree = "<group>"; };
		BF957BD4290BBA730056E99D /* GroupEditViewModel.swift */ = {isa = PBXFileReference; lastKnownFileType = sourcecode.swift; path = GroupEditViewModel.swift; sourceTree = "<group>"; };
		BF957BD6290BCF920056E99D /* GroupDetailViewController.swift */ = {isa = PBXFileReference; lastKnownFileType = sourcecode.swift; path = GroupDetailViewController.swift; sourceTree = "<group>"; };
		BFA3398E28C82A4E00C1CD4C /* GoogleService-Info.plist */ = {isa = PBXFileReference; fileEncoding = 4; lastKnownFileType = text.plist.xml; path = "GoogleService-Info.plist"; sourceTree = "<group>"; };
		BFA3399228C832E500C1CD4C /* MainLoginViewController.swift */ = {isa = PBXFileReference; lastKnownFileType = sourcecode.swift; path = MainLoginViewController.swift; sourceTree = "<group>"; };
		BFA3399528C8349B00C1CD4C /* UIKitExtension.swift */ = {isa = PBXFileReference; lastKnownFileType = sourcecode.swift; path = UIKitExtension.swift; sourceTree = "<group>"; };
		BFA3399728C836F300C1CD4C /* MainLoginViewModel.swift */ = {isa = PBXFileReference; lastKnownFileType = sourcecode.swift; path = MainLoginViewModel.swift; sourceTree = "<group>"; };
		BFB5014F29065F21000621DC /* MemoryDetailViewModel.swift */ = {isa = PBXFileReference; lastKnownFileType = sourcecode.swift; path = MemoryDetailViewModel.swift; sourceTree = "<group>"; };
		BFBDC76828C9A98400DA6330 /* Melly.entitlements */ = {isa = PBXFileReference; lastKnownFileType = text.plist.entitlements; path = Melly.entitlements; sourceTree = "<group>"; };
		BFBEB9E528FFD3E60074E6B7 /* Memory.swift */ = {isa = PBXFileReference; lastKnownFileType = sourcecode.swift; path = Memory.swift; sourceTree = "<group>"; };
		BFC9367D28F6475600A2C53F /* MemoryListViewController.swift */ = {isa = PBXFileReference; lastKnownFileType = sourcecode.swift; path = MemoryListViewController.swift; sourceTree = "<group>"; };
		BFC9368028F6A44100A2C53F /* OurMemoryListViewController.swift */ = {isa = PBXFileReference; lastKnownFileType = sourcecode.swift; path = OurMemoryListViewController.swift; sourceTree = "<group>"; };
		BFC9368228F6A46C00A2C53F /* OtherMemoryListViewController.swift */ = {isa = PBXFileReference; lastKnownFileType = sourcecode.swift; path = OtherMemoryListViewController.swift; sourceTree = "<group>"; };
		BFC9368428F6A57A00A2C53F /* MemoryListCollectionViewCell.swift */ = {isa = PBXFileReference; lastKnownFileType = sourcecode.swift; path = MemoryListCollectionViewCell.swift; sourceTree = "<group>"; };
		BFC9AFAA2907B8C700BA2043 /* CommentCell.swift */ = {isa = PBXFileReference; lastKnownFileType = sourcecode.swift; path = CommentCell.swift; sourceTree = "<group>"; };
		BFC9AFAC2907BC9D00BA2043 /* MyPageViewModel.swift */ = {isa = PBXFileReference; lastKnownFileType = sourcecode.swift; path = MyPageViewModel.swift; sourceTree = "<group>"; };
		BFD0F7A128EEB40C0053C5CC /* SearchLocation.swift */ = {isa = PBXFileReference; lastKnownFileType = sourcecode.swift; path = SearchLocation.swift; sourceTree = "<group>"; };
		BFD664B928F93E890036EBF3 /* MemoryWriteViewModel.swift */ = {isa = PBXFileReference; lastKnownFileType = sourcecode.swift; path = MemoryWriteViewModel.swift; sourceTree = "<group>"; };
		BFD6C56C28D723CD0092A6E5 /* SignUpOneViewController.swift */ = {isa = PBXFileReference; lastKnownFileType = sourcecode.swift; path = SignUpOneViewController.swift; sourceTree = "<group>"; };
		BFD6C56E28D724160092A6E5 /* SignUpOneViewModel.swift */ = {isa = PBXFileReference; lastKnownFileType = sourcecode.swift; path = SignUpOneViewModel.swift; sourceTree = "<group>"; };
		BFD6C57328D733260092A6E5 /* SignUpTwoViewModel.swift */ = {isa = PBXFileReference; lastKnownFileType = sourcecode.swift; path = SignUpTwoViewModel.swift; sourceTree = "<group>"; };
		BFD6C57528D7373F0092A6E5 /* SignUpTwoViewController.swift */ = {isa = PBXFileReference; lastKnownFileType = sourcecode.swift; path = SignUpTwoViewController.swift; sourceTree = "<group>"; };
		BFDA0B2B28F533E0008FE376 /* ScrapViewController.swift */ = {isa = PBXFileReference; lastKnownFileType = sourcecode.swift; path = ScrapViewController.swift; sourceTree = "<group>"; };
		BFDA0B2F28F54190008FE376 /* PopUpViewModel.swift */ = {isa = PBXFileReference; lastKnownFileType = sourcecode.swift; path = PopUpViewModel.swift; sourceTree = "<group>"; };
		BFDC1BF628D8094A005ADC6A /* SignUpThreeViewController.swift */ = {isa = PBXFileReference; lastKnownFileType = sourcecode.swift; path = SignUpThreeViewController.swift; sourceTree = "<group>"; };
		BFDC1BF828D8096D005ADC6A /* SignUpThreeViewModel.swift */ = {isa = PBXFileReference; lastKnownFileType = sourcecode.swift; path = SignUpThreeViewModel.swift; sourceTree = "<group>"; };
		BFDDED5E28F7EAD5003AE5DA /* MemoryListViewModel.swift */ = {isa = PBXFileReference; lastKnownFileType = sourcecode.swift; path = MemoryListViewModel.swift; sourceTree = "<group>"; };
		BFDDED6128F80665003AE5DA /* MemoryWriteViewController.swift */ = {isa = PBXFileReference; lastKnownFileType = sourcecode.swift; path = MemoryWriteViewController.swift; sourceTree = "<group>"; };
		BFDE616D28ED12A10099FF97 /* ResearchLoadingViewController.swift */ = {isa = PBXFileReference; lastKnownFileType = sourcecode.swift; path = ResearchLoadingViewController.swift; sourceTree = "<group>"; };
		BFDE617028ED13F70099FF97 /* SearchViewController.swift */ = {isa = PBXFileReference; lastKnownFileType = sourcecode.swift; path = SearchViewController.swift; sourceTree = "<group>"; };
		BFDE617228ED179F0099FF97 /* ResearchResultViewController.swift */ = {isa = PBXFileReference; lastKnownFileType = sourcecode.swift; path = ResearchResultViewController.swift; sourceTree = "<group>"; };
		BFDE617528ED59DB0099FF97 /* LocationViewController.swift */ = {isa = PBXFileReference; lastKnownFileType = sourcecode.swift; path = LocationViewController.swift; sourceTree = "<group>"; };
		BFF661032908C6F9003E998B /* CommentHeaderView.swift */ = {isa = PBXFileReference; lastKnownFileType = sourcecode.swift; path = CommentHeaderView.swift; sourceTree = "<group>"; };
		BFF6610729091FC4003E998B /* Comment.swift */ = {isa = PBXFileReference; lastKnownFileType = sourcecode.swift; path = Comment.swift; sourceTree = "<group>"; };
		BFF66109290920EC003E998B /* CommentFooterView.swift */ = {isa = PBXFileReference; lastKnownFileType = sourcecode.swift; path = CommentFooterView.swift; sourceTree = "<group>"; };
		BFF84EA828C6D40B00892CB5 /* Melly.app */ = {isa = PBXFileReference; explicitFileType = wrapper.application; includeInIndex = 0; path = Melly.app; sourceTree = BUILT_PRODUCTS_DIR; };
		BFF84EAB28C6D40B00892CB5 /* AppDelegate.swift */ = {isa = PBXFileReference; lastKnownFileType = sourcecode.swift; path = AppDelegate.swift; sourceTree = "<group>"; };
		BFF84EAD28C6D40B00892CB5 /* SceneDelegate.swift */ = {isa = PBXFileReference; lastKnownFileType = sourcecode.swift; path = SceneDelegate.swift; sourceTree = "<group>"; };
		BFF84EAF28C6D40B00892CB5 /* SplashViewController.swift */ = {isa = PBXFileReference; lastKnownFileType = sourcecode.swift; path = SplashViewController.swift; sourceTree = "<group>"; };
		BFF84EB428C6D40D00892CB5 /* Assets.xcassets */ = {isa = PBXFileReference; lastKnownFileType = folder.assetcatalog; path = Assets.xcassets; sourceTree = "<group>"; };
		BFF84EB728C6D40D00892CB5 /* Base */ = {isa = PBXFileReference; lastKnownFileType = file.storyboard; name = Base; path = Base.lproj/LaunchScreen.storyboard; sourceTree = "<group>"; };
		BFF84EB928C6D40D00892CB5 /* Info.plist */ = {isa = PBXFileReference; lastKnownFileType = text.plist.xml; path = Info.plist; sourceTree = "<group>"; };
		BFFD000029025D7100AACD16 /* ContainerViewModel.swift */ = {isa = PBXFileReference; lastKnownFileType = sourcecode.swift; path = ContainerViewModel.swift; sourceTree = "<group>"; };
		BFFDFFFE2902314100AACD16 /* MyPageViewController.swift */ = {isa = PBXFileReference; lastKnownFileType = sourcecode.swift; path = MyPageViewController.swift; sourceTree = "<group>"; };
/* End PBXFileReference section */

/* Begin PBXFrameworksBuildPhase section */
		BFF84EA528C6D40B00892CB5 /* Frameworks */ = {
			isa = PBXFrameworksBuildPhase;
			buildActionMask = 2147483647;
			files = (
				8A6B155365F0AD9DE2737496 /* Pods_Melly.framework in Frameworks */,
			);
			runOnlyForDeploymentPostprocessing = 0;
		};
/* End PBXFrameworksBuildPhase section */

/* Begin PBXGroup section */
		5E641E69FB9F32094F1D0756 /* Pods */ = {
			isa = PBXGroup;
			children = (
				071A50D0B491B33B25C24E7C /* Pods-Melly.debug.xcconfig */,
				8ABC0D681966E3BF5094BEBD /* Pods-Melly.release.xcconfig */,
			);
			path = Pods;
			sourceTree = "<group>";
		};
		BF075F8228E52CC700E581E7 /* Main */ = {
			isa = PBXGroup;
			children = (
				BF5A7F4428D0591A000A1B08 /* MainMapViewController.swift */,
				BF075F8328E52D6B00E581E7 /* MainMapViewModel.swift */,
			);
			path = Main;
			sourceTree = "<group>";
		};
		BF0A11C728CDCDA600B06DE1 /* Main */ = {
			isa = PBXGroup;
			children = (
				BFC9AFA92907B81600BA2043 /* Comment */,
				BFC9367C28F6473F00A2C53F /* Memory */,
				BFDE617428ED576F0099FF97 /* PopUpView */,
				BFDE616F28ED13EA0099FF97 /* Search */,
				BF075F8228E52CC700E581E7 /* Main */,
				BFFCF2BC28E3FFAC0011701D /* SideBar */,
				BF81F96C28E1627F007E5D35 /* RecommandView */,
				BF5A7F4628D05926000A1B08 /* ContainerViewController.swift */,
				BFFD000029025D7100AACD16 /* ContainerViewModel.swift */,
			);
			path = Main;
			sourceTree = "<group>";
		};
		BF2814FD28EBC2F9004F6A31 /* Research */ = {
			isa = PBXGroup;
			children = (
				BF2814FE28EBC619004F6A31 /* ResearchLaunchViewController.swift */,
				BF28150028EBE54A004F6A31 /* ResearchMainViewController.swift */,
				BF28150228EBF7E7004F6A31 /* ResearchMainViewModel.swift */,
				BFDE616D28ED12A10099FF97 /* ResearchLoadingViewController.swift */,
				BFDE617228ED179F0099FF97 /* ResearchResultViewController.swift */,
			);
			path = Research;
			sourceTree = "<group>";
		};
		BF34F87928D1915000EA1C16 /* Model */ = {
			isa = PBXGroup;
			children = (
				BF34F87A28D1915B00EA1C16 /* User.swift */,
				BF638A8D28DAA96D0031233F /* ResponseData.swift */,
				BF075F8028E52BC500E581E7 /* Marker.swift */,
				BF3121D928E8185F003916A4 /* ITLocation.swift */,
				BFD0F7A128EEB40C0053C5CC /* SearchLocation.swift */,
				BF03B8F028FE465400CBAE97 /* Group.swift */,
				BFBEB9E528FFD3E60074E6B7 /* Memory.swift */,
				BFF6610729091FC4003E998B /* Comment.swift */,
			);
			path = Model;
			sourceTree = "<group>";
		};
		BF34F87E28D1A3EC00EA1C16 /* Main */ = {
			isa = PBXGroup;
			children = (
				BFA3399228C832E500C1CD4C /* MainLoginViewController.swift */,
				BFA3399728C836F300C1CD4C /* MainLoginViewModel.swift */,
			);
			path = Main;
			sourceTree = "<group>";
		};
		BF34F87F28D1A43900EA1C16 /* Default */ = {
			isa = PBXGroup;
			children = (
				BF34F88028D1A60300EA1C16 /* DefaultLoginViewController.swift */,
				BF7E3CC928D43F0E007C3236 /* DefaultLoginVIewModel.swift */,
			);
			path = Default;
			sourceTree = "<group>";
		};
		BF3F0E9828DD6FF100AED582 /* Step0 */ = {
			isa = PBXGroup;
			children = (
				BF3F0E9928DD701800AED582 /* SignUpZeroViewController.swift */,
				BF3F0E9B28DD70F400AED582 /* SignUpZeroViewModel.swift */,
			);
			path = Step0;
			sourceTree = "<group>";
		};
		BF63C38528DBECA700A37CF3 /* Font */ = {
			isa = PBXGroup;
			children = (
				BF63C38628DBED2E00A37CF3 /* Pretendard-Bold.otf */,
				BF63C38728DBED2E00A37CF3 /* Pretendard-Medium.otf */,
				BF63C38828DBED2E00A37CF3 /* Pretendard-Regular.otf */,
				BF63C38928DBED2E00A37CF3 /* Pretendard-SemiBold.otf */,
			);
			path = Font;
			sourceTree = "<group>";
		};
		BF6DB827290ACCC7009B735F /* Setting */ = {
			isa = PBXGroup;
			children = (
				BF6DB828290ACDD2009B735F /* SettingViewController.swift */,
			);
			path = Setting;
			sourceTree = "<group>";
		};
		BF6DB82A290AD663009B735F /* Notice */ = {
			isa = PBXGroup;
			children = (
				BF6DB82B290AD673009B735F /* NoticeViewController.swift */,
				BF6DB82D290AD9AE009B735F /* NoticeViewModel.swift */,
			);
			path = Notice;
			sourceTree = "<group>";
		};
		BF72FC6329051DC30076AEF8 /* MemoryDetail */ = {
			isa = PBXGroup;
			children = (
				BF72FC6429051DE10076AEF8 /* MemoryDetailViewController.swift */,
				BFB5014F29065F21000621DC /* MemoryDetailViewModel.swift */,
			);
			path = MemoryDetail;
			sourceTree = "<group>";
		};
		BF72FC66290521960076AEF8 /* MyMemory */ = {
			isa = PBXGroup;
			children = (
				BF72FC67290527570076AEF8 /* MyMemoryViewController.swift */,
				BF72FC6929052F790076AEF8 /* MyMemoryViewModel.swift */,
			);
			path = MyMemory;
			sourceTree = "<group>";
		};
		BF81F96C28E1627F007E5D35 /* RecommandView */ = {
			isa = PBXGroup;
			children = (
				BF8F9AD628D064D700EAA49E /* RecommandViewController.swift */,
				BF81F96D28E1732A007E5D35 /* RecommandCollectionViewCell.swift */,
				BF3121DB28E81C83003916A4 /* RecommandViewModel.swift */,
			);
			path = RecommandView;
			sourceTree = "<group>";
		};
		BF957BCD290B653F0056E99D /* Group */ = {
			isa = PBXGroup;
			children = (
				BF957BCE290B65D80056E99D /* GroupViewController.swift */,
				BF957BD0290B6D8B0056E99D /* GroupViewModel.swift */,
				BF957BD2290B74490056E99D /* GroupAddViewController.swift */,
				BF957BD4290BBA730056E99D /* GroupEditViewModel.swift */,
				BF957BD6290BCF920056E99D /* GroupDetailViewController.swift */,
			);
			path = Group;
			sourceTree = "<group>";
		};
		BFA3399028C832B900C1CD4C /* Login */ = {
			isa = PBXGroup;
			children = (
				BF34F87F28D1A43900EA1C16 /* Default */,
				BF34F87E28D1A3EC00EA1C16 /* Main */,
			);
			path = Login;
			sourceTree = "<group>";
		};
		BFA3399428C8348400C1CD4C /* Util */ = {
			isa = PBXGroup;
			children = (
				BFA3399528C8349B00C1CD4C /* UIKitExtension.swift */,
				BF34F87C28D19DE700EA1C16 /* CustomComponent.swift */,
				BF638A9128DAD6050031233F /* FoundationExtension.swift */,
				BF638A9428DADFD10031233F /* Enum.swift */,
				BF7CAAFE28DE04B60076CD1A /* AgreeNTermsText.swift */,
			);
			path = Util;
			sourceTree = "<group>";
		};
		BFC9367C28F6473F00A2C53F /* Memory */ = {
			isa = PBXGroup;
			children = (
				BF72FC6329051DC30076AEF8 /* MemoryDetail */,
				BFDDED6028F8031B003AE5DA /* MemoryWrite */,
				BFC9367F28F6A43200A2C53F /* MemoryList */,
			);
			path = Memory;
			sourceTree = "<group>";
		};
		BFC9367F28F6A43200A2C53F /* MemoryList */ = {
			isa = PBXGroup;
			children = (
				BFC9367D28F6475600A2C53F /* MemoryListViewController.swift */,
				BFC9368028F6A44100A2C53F /* OurMemoryListViewController.swift */,
				BFC9368228F6A46C00A2C53F /* OtherMemoryListViewController.swift */,
				BFC9368428F6A57A00A2C53F /* MemoryListCollectionViewCell.swift */,
				BFDDED5E28F7EAD5003AE5DA /* MemoryListViewModel.swift */,
				BF2525BA2900E24E00F4E177 /* FooterLoadingView.swift */,
			);
			path = MemoryList;
			sourceTree = "<group>";
		};
		BFC9AFA92907B81600BA2043 /* Comment */ = {
			isa = PBXGroup;
			children = (
				BFF661032908C6F9003E998B /* CommentHeaderView.swift */,
				BFC9AFAA2907B8C700BA2043 /* CommentCell.swift */,
				BFF66109290920EC003E998B /* CommentFooterView.swift */,
			);
			path = Comment;
			sourceTree = "<group>";
		};
		BFD6C56B28D723520092A6E5 /* SignUp */ = {
			isa = PBXGroup;
			children = (
				BF3F0E9828DD6FF100AED582 /* Step0 */,
				BFD6C57228D72DC60092A6E5 /* Step3 */,
				BFD6C57128D72DBF0092A6E5 /* Step2 */,
				BFD6C57028D72DB00092A6E5 /* Step1 */,
			);
			path = SignUp;
			sourceTree = "<group>";
		};
		BFD6C57028D72DB00092A6E5 /* Step1 */ = {
			isa = PBXGroup;
			children = (
				BFD6C56C28D723CD0092A6E5 /* SignUpOneViewController.swift */,
				BFD6C56E28D724160092A6E5 /* SignUpOneViewModel.swift */,
			);
			path = Step1;
			sourceTree = "<group>";
		};
		BFD6C57128D72DBF0092A6E5 /* Step2 */ = {
			isa = PBXGroup;
			children = (
				BFD6C57328D733260092A6E5 /* SignUpTwoViewModel.swift */,
				BFD6C57528D7373F0092A6E5 /* SignUpTwoViewController.swift */,
			);
			path = Step2;
			sourceTree = "<group>";
		};
		BFD6C57228D72DC60092A6E5 /* Step3 */ = {
			isa = PBXGroup;
			children = (
				BFDC1BF628D8094A005ADC6A /* SignUpThreeViewController.swift */,
				BFDC1BF828D8096D005ADC6A /* SignUpThreeViewModel.swift */,
			);
			path = Step3;
			sourceTree = "<group>";
		};
		BFDA0B2D28F54179008FE376 /* Location */ = {
			isa = PBXGroup;
			children = (
				BFDE617528ED59DB0099FF97 /* LocationViewController.swift */,
			);
			path = Location;
			sourceTree = "<group>";
		};
		BFDA0B2E28F54182008FE376 /* Scrap */ = {
			isa = PBXGroup;
			children = (
				BFDA0B2B28F533E0008FE376 /* ScrapViewController.swift */,
			);
			path = Scrap;
			sourceTree = "<group>";
		};
		BFDDED6028F8031B003AE5DA /* MemoryWrite */ = {
			isa = PBXGroup;
			children = (
				BFDDED6128F80665003AE5DA /* MemoryWriteViewController.swift */,
				BFD664B928F93E890036EBF3 /* MemoryWriteViewModel.swift */,
			);
			path = MemoryWrite;
			sourceTree = "<group>";
		};
		BFDE616F28ED13EA0099FF97 /* Search */ = {
			isa = PBXGroup;
			children = (
				BFDE617028ED13F70099FF97 /* SearchViewController.swift */,
				BF5AEB4528EF0C6400537ED5 /* SearchViewModel.swift */,
			);
			path = Search;
			sourceTree = "<group>";
		};
		BFDE617428ED576F0099FF97 /* PopUpView */ = {
			isa = PBXGroup;
			children = (
				BFDA0B2F28F54190008FE376 /* PopUpViewModel.swift */,
				BFDA0B2E28F54182008FE376 /* Scrap */,
				BFDA0B2D28F54179008FE376 /* Location */,
			);
			path = PopUpView;
			sourceTree = "<group>";
		};
		BFF84E9F28C6D40B00892CB5 = {
			isa = PBXGroup;
			children = (
				BFF84EAA28C6D40B00892CB5 /* Melly */,
				BFF84EA928C6D40B00892CB5 /* Products */,
				5E641E69FB9F32094F1D0756 /* Pods */,
				D1B2ED6D40475CC2E290BCA9 /* Frameworks */,
			);
			sourceTree = "<group>";
		};
		BFF84EA928C6D40B00892CB5 /* Products */ = {
			isa = PBXGroup;
			children = (
				BFF84EA828C6D40B00892CB5 /* Melly.app */,
			);
			name = Products;
			sourceTree = "<group>";
		};
		BFF84EAA28C6D40B00892CB5 /* Melly */ = {
			isa = PBXGroup;
			children = (
				BF2814FD28EBC2F9004F6A31 /* Research */,
				BF63C38528DBECA700A37CF3 /* Font */,
				BFD6C56B28D723520092A6E5 /* SignUp */,
				BFBDC76828C9A98400DA6330 /* Melly.entitlements */,
				BF34F87928D1915000EA1C16 /* Model */,
				BF0A11C728CDCDA600B06DE1 /* Main */,
				BFA3399428C8348400C1CD4C /* Util */,
				BFA3399028C832B900C1CD4C /* Login */,
				BFF84EAD28C6D40B00892CB5 /* SceneDelegate.swift */,
				BFF84EAB28C6D40B00892CB5 /* AppDelegate.swift */,
				BFF84EAF28C6D40B00892CB5 /* SplashViewController.swift */,
				BFA3398E28C82A4E00C1CD4C /* GoogleService-Info.plist */,
				BFF84EB428C6D40D00892CB5 /* Assets.xcassets */,
				BFF84EB628C6D40D00892CB5 /* LaunchScreen.storyboard */,
				BFF84EB928C6D40D00892CB5 /* Info.plist */,
			);
			path = Melly;
			sourceTree = "<group>";
		};
		BFFCF2BC28E3FFAC0011701D /* SideBar */ = {
			isa = PBXGroup;
			children = (
				BF957BCD290B653F0056E99D /* Group */,
				BF6DB82A290AD663009B735F /* Notice */,
				BF6DB827290ACCC7009B735F /* Setting */,
				BF72FC66290521960076AEF8 /* MyMemory */,
				BFFDFFFD2902307100AACD16 /* MyPage */,
				BF0A11C828CDCDEB00B06DE1 /* SideBarViewController.swift */,
			);
			path = SideBar;
			sourceTree = "<group>";
		};
		BFFDFFFD2902307100AACD16 /* MyPage */ = {
			isa = PBXGroup;
			children = (
				BFFDFFFE2902314100AACD16 /* MyPageViewController.swift */,
				BF72FC6D290541150076AEF8 /* ProfileEditViewController.swift */,
				BF72FC6B29053B3F0076AEF8 /* MyProfileViewController.swift */,
				BFC9AFAC2907BC9D00BA2043 /* MyPageViewModel.swift */,
			);
			path = MyPage;
			sourceTree = "<group>";
		};
		D1B2ED6D40475CC2E290BCA9 /* Frameworks */ = {
			isa = PBXGroup;
			children = (
				3A7603E7F416A7C7EC318D97 /* Pods_Melly.framework */,
			);
			name = Frameworks;
			sourceTree = "<group>";
		};
/* End PBXGroup section */

/* Begin PBXNativeTarget section */
		BFF84EA728C6D40B00892CB5 /* Melly */ = {
			isa = PBXNativeTarget;
			buildConfigurationList = BFF84EBC28C6D40D00892CB5 /* Build configuration list for PBXNativeTarget "Melly" */;
			buildPhases = (
				DB440BEA8BD619320549F003 /* [CP] Check Pods Manifest.lock */,
				BFF84EA428C6D40B00892CB5 /* Sources */,
				BFF84EA528C6D40B00892CB5 /* Frameworks */,
				BFF84EA628C6D40B00892CB5 /* Resources */,
				4993B8C6364770EEF5FFE7B4 /* [CP] Embed Pods Frameworks */,
			);
			buildRules = (
			);
			dependencies = (
			);
			name = Melly;
			productName = Melly;
			productReference = BFF84EA828C6D40B00892CB5 /* Melly.app */;
			productType = "com.apple.product-type.application";
		};
/* End PBXNativeTarget section */

/* Begin PBXProject section */
		BFF84EA028C6D40B00892CB5 /* Project object */ = {
			isa = PBXProject;
			attributes = {
				BuildIndependentTargetsInParallel = 1;
				LastSwiftUpdateCheck = 1320;
				LastUpgradeCheck = 1320;
				TargetAttributes = {
					BFF84EA728C6D40B00892CB5 = {
						CreatedOnToolsVersion = 13.2;
					};
				};
			};
			buildConfigurationList = BFF84EA328C6D40B00892CB5 /* Build configuration list for PBXProject "Melly" */;
			compatibilityVersion = "Xcode 13.0";
			developmentRegion = en;
			hasScannedForEncodings = 0;
			knownRegions = (
				en,
				Base,
			);
			mainGroup = BFF84E9F28C6D40B00892CB5;
			productRefGroup = BFF84EA928C6D40B00892CB5 /* Products */;
			projectDirPath = "";
			projectRoot = "";
			targets = (
				BFF84EA728C6D40B00892CB5 /* Melly */,
			);
		};
/* End PBXProject section */

/* Begin PBXResourcesBuildPhase section */
		BFF84EA628C6D40B00892CB5 /* Resources */ = {
			isa = PBXResourcesBuildPhase;
			buildActionMask = 2147483647;
			files = (
				BFF84EB828C6D40D00892CB5 /* LaunchScreen.storyboard in Resources */,
				BF63C38C28DBED2E00A37CF3 /* Pretendard-Regular.otf in Resources */,
				BF63C38D28DBED2E00A37CF3 /* Pretendard-SemiBold.otf in Resources */,
				BF63C38B28DBED2E00A37CF3 /* Pretendard-Medium.otf in Resources */,
				BF63C38A28DBED2E00A37CF3 /* Pretendard-Bold.otf in Resources */,
				BFA3398F28C82A4E00C1CD4C /* GoogleService-Info.plist in Resources */,
				BFF84EB528C6D40D00892CB5 /* Assets.xcassets in Resources */,
			);
			runOnlyForDeploymentPostprocessing = 0;
		};
/* End PBXResourcesBuildPhase section */

/* Begin PBXShellScriptBuildPhase section */
		4993B8C6364770EEF5FFE7B4 /* [CP] Embed Pods Frameworks */ = {
			isa = PBXShellScriptBuildPhase;
			buildActionMask = 2147483647;
			files = (
			);
			inputFileListPaths = (
				"${PODS_ROOT}/Target Support Files/Pods-Melly/Pods-Melly-frameworks-${CONFIGURATION}-input-files.xcfilelist",
			);
			name = "[CP] Embed Pods Frameworks";
			outputFileListPaths = (
				"${PODS_ROOT}/Target Support Files/Pods-Melly/Pods-Melly-frameworks-${CONFIGURATION}-output-files.xcfilelist",
			);
			runOnlyForDeploymentPostprocessing = 0;
			shellPath = /bin/sh;
			shellScript = "\"${PODS_ROOT}/Target Support Files/Pods-Melly/Pods-Melly-frameworks.sh\"\n";
			showEnvVarsInLog = 0;
		};
		DB440BEA8BD619320549F003 /* [CP] Check Pods Manifest.lock */ = {
			isa = PBXShellScriptBuildPhase;
			buildActionMask = 2147483647;
			files = (
			);
			inputFileListPaths = (
			);
			inputPaths = (
				"${PODS_PODFILE_DIR_PATH}/Podfile.lock",
				"${PODS_ROOT}/Manifest.lock",
			);
			name = "[CP] Check Pods Manifest.lock";
			outputFileListPaths = (
			);
			outputPaths = (
				"$(DERIVED_FILE_DIR)/Pods-Melly-checkManifestLockResult.txt",
			);
			runOnlyForDeploymentPostprocessing = 0;
			shellPath = /bin/sh;
			shellScript = "diff \"${PODS_PODFILE_DIR_PATH}/Podfile.lock\" \"${PODS_ROOT}/Manifest.lock\" > /dev/null\nif [ $? != 0 ] ; then\n    # print error to STDERR\n    echo \"error: The sandbox is not in sync with the Podfile.lock. Run 'pod install' or update your CocoaPods installation.\" >&2\n    exit 1\nfi\n# This output is used by Xcode 'outputs' to avoid re-running this script phase.\necho \"SUCCESS\" > \"${SCRIPT_OUTPUT_FILE_0}\"\n";
			showEnvVarsInLog = 0;
		};
/* End PBXShellScriptBuildPhase section */

/* Begin PBXSourcesBuildPhase section */
		BFF84EA428C6D40B00892CB5 /* Sources */ = {
			isa = PBXSourcesBuildPhase;
			buildActionMask = 2147483647;
			files = (
				BF72FC6529051DE10076AEF8 /* MemoryDetailViewController.swift in Sources */,
				BF8F9AD728D064D700EAA49E /* RecommandViewController.swift in Sources */,
				BF6DB82E290AD9AE009B735F /* NoticeViewModel.swift in Sources */,
				BF3121DC28E81C83003916A4 /* RecommandViewModel.swift in Sources */,
				BFC9367E28F6475600A2C53F /* MemoryListViewController.swift in Sources */,
				BFC9AFAB2907B8C700BA2043 /* CommentCell.swift in Sources */,
				BF957BCF290B65D80056E99D /* GroupViewController.swift in Sources */,
				BF03B8F128FE465400CBAE97 /* Group.swift in Sources */,
				BF72FC68290527570076AEF8 /* MyMemoryViewController.swift in Sources */,
				BF638A8E28DAA96D0031233F /* ResponseData.swift in Sources */,
				BF957BD5290BBA730056E99D /* GroupEditViewModel.swift in Sources */,
				BFC9368328F6A46C00A2C53F /* OtherMemoryListViewController.swift in Sources */,
				BFD6C57628D7373F0092A6E5 /* SignUpTwoViewController.swift in Sources */,
				BFA3399328C832E500C1CD4C /* MainLoginViewController.swift in Sources */,
				BFD6C56F28D724160092A6E5 /* SignUpOneViewModel.swift in Sources */,
				BF28150328EBF7E7004F6A31 /* ResearchMainViewModel.swift in Sources */,
				BFD0F7A228EEB40C0053C5CC /* SearchLocation.swift in Sources */,
				BFDE617628ED59DB0099FF97 /* LocationViewController.swift in Sources */,
				BFFDFFFF2902314100AACD16 /* MyPageViewController.swift in Sources */,
				BFF84EB028C6D40B00892CB5 /* SplashViewController.swift in Sources */,
				BFDA0B3028F54190008FE376 /* PopUpViewModel.swift in Sources */,
				BF6DB82C290AD673009B735F /* NoticeViewController.swift in Sources */,
				BF638A9228DAD6050031233F /* FoundationExtension.swift in Sources */,
				BFB5015029065F21000621DC /* MemoryDetailViewModel.swift in Sources */,
				BFD6C57428D733260092A6E5 /* SignUpTwoViewModel.swift in Sources */,
				BF638A9528DADFD10031233F /* Enum.swift in Sources */,
				BFA3399828C836F300C1CD4C /* MainLoginViewModel.swift in Sources */,
				BF6DB829290ACDD2009B735F /* SettingViewController.swift in Sources */,
				BF72FC6A29052F790076AEF8 /* MyMemoryViewModel.swift in Sources */,
				BF72FC6E290541150076AEF8 /* ProfileEditViewController.swift in Sources */,
				BFF6610A290920EC003E998B /* CommentFooterView.swift in Sources */,
				BFF661042908C6F9003E998B /* CommentHeaderView.swift in Sources */,
				BF28150128EBE54A004F6A31 /* ResearchMainViewController.swift in Sources */,
				BFDC1BF928D8096D005ADC6A /* SignUpThreeViewModel.swift in Sources */,
				BFDA0B2C28F533E0008FE376 /* ScrapViewController.swift in Sources */,
				BF5A7F4528D0591A000A1B08 /* MainMapViewController.swift in Sources */,
				BF957BD3290B74490056E99D /* GroupAddViewController.swift in Sources */,
				BFC9368528F6A57A00A2C53F /* MemoryListCollectionViewCell.swift in Sources */,
				BF075F8428E52D6B00E581E7 /* MainMapViewModel.swift in Sources */,
				BFBEB9E628FFD3E60074E6B7 /* Memory.swift in Sources */,
				BFDE617328ED179F0099FF97 /* ResearchResultViewController.swift in Sources */,
				BFC9AFAD2907BC9D00BA2043 /* MyPageViewModel.swift in Sources */,
				BF3F0E9C28DD70F500AED582 /* SignUpZeroViewModel.swift in Sources */,
				BF075F8128E52BC500E581E7 /* Marker.swift in Sources */,
				BFDDED5F28F7EAD5003AE5DA /* MemoryListViewModel.swift in Sources */,
				BFDC1BF728D8094A005ADC6A /* SignUpThreeViewController.swift in Sources */,
				BFF84EAC28C6D40B00892CB5 /* AppDelegate.swift in Sources */,
				BFDDED6228F80665003AE5DA /* MemoryWriteViewController.swift in Sources */,
				BF7E3CCA28D43F0E007C3236 /* DefaultLoginVIewModel.swift in Sources */,
				BF81F96E28E1732A007E5D35 /* RecommandCollectionViewCell.swift in Sources */,
				BF2525BB2900E24E00F4E177 /* FooterLoadingView.swift in Sources */,
				BF2814FF28EBC619004F6A31 /* ResearchLaunchViewController.swift in Sources */,
				BFD664BA28F93E890036EBF3 /* MemoryWriteViewModel.swift in Sources */,
				BF5AEB4628EF0C6400537ED5 /* SearchViewModel.swift in Sources */,
				BF3121DA28E8185F003916A4 /* ITLocation.swift in Sources */,
				BF34F87D28D19DE700EA1C16 /* CustomComponent.swift in Sources */,
				BF72FC6C29053B3F0076AEF8 /* MyProfileViewController.swift in Sources */,
				BFA3399628C8349B00C1CD4C /* UIKitExtension.swift in Sources */,
				BFDE616E28ED12A10099FF97 /* ResearchLoadingViewController.swift in Sources */,
				BFD6C56D28D723CD0092A6E5 /* SignUpOneViewController.swift in Sources */,
				BF0A11C928CDCDEB00B06DE1 /* SideBarViewController.swift in Sources */,
				BF5A7F4728D05926000A1B08 /* ContainerViewController.swift in Sources */,
				BFDE617128ED13F70099FF97 /* SearchViewController.swift in Sources */,
				BFFD000129025D7100AACD16 /* ContainerViewModel.swift in Sources */,
				BFC9368128F6A44100A2C53F /* OurMemoryListViewController.swift in Sources */,
				BF34F88128D1A60400EA1C16 /* DefaultLoginViewController.swift in Sources */,
				BF957BD1290B6D8B0056E99D /* GroupViewModel.swift in Sources */,
				BFF6610829091FC4003E998B /* Comment.swift in Sources */,
				BFF84EAE28C6D40B00892CB5 /* SceneDelegate.swift in Sources */,
				BF957BD7290BCF920056E99D /* GroupDetailViewController.swift in Sources */,
				BF3F0E9A28DD701900AED582 /* SignUpZeroViewController.swift in Sources */,
				BF7CAAFF28DE04B60076CD1A /* AgreeNTermsText.swift in Sources */,
				BF34F87B28D1915B00EA1C16 /* User.swift in Sources */,
			);
			runOnlyForDeploymentPostprocessing = 0;
		};
/* End PBXSourcesBuildPhase section */

/* Begin PBXVariantGroup section */
		BFF84EB628C6D40D00892CB5 /* LaunchScreen.storyboard */ = {
			isa = PBXVariantGroup;
			children = (
				BFF84EB728C6D40D00892CB5 /* Base */,
			);
			name = LaunchScreen.storyboard;
			sourceTree = "<group>";
		};
/* End PBXVariantGroup section */

/* Begin XCBuildConfiguration section */
		BFF84EBA28C6D40D00892CB5 /* Debug */ = {
			isa = XCBuildConfiguration;
			buildSettings = {
				ALWAYS_SEARCH_USER_PATHS = NO;
				CLANG_ANALYZER_NONNULL = YES;
				CLANG_ANALYZER_NUMBER_OBJECT_CONVERSION = YES_AGGRESSIVE;
				CLANG_CXX_LANGUAGE_STANDARD = "gnu++17";
				CLANG_CXX_LIBRARY = "libc++";
				CLANG_ENABLE_MODULES = YES;
				CLANG_ENABLE_OBJC_ARC = YES;
				CLANG_ENABLE_OBJC_WEAK = YES;
				CLANG_WARN_BLOCK_CAPTURE_AUTORELEASING = YES;
				CLANG_WARN_BOOL_CONVERSION = YES;
				CLANG_WARN_COMMA = YES;
				CLANG_WARN_CONSTANT_CONVERSION = YES;
				CLANG_WARN_DEPRECATED_OBJC_IMPLEMENTATIONS = YES;
				CLANG_WARN_DIRECT_OBJC_ISA_USAGE = YES_ERROR;
				CLANG_WARN_DOCUMENTATION_COMMENTS = YES;
				CLANG_WARN_EMPTY_BODY = YES;
				CLANG_WARN_ENUM_CONVERSION = YES;
				CLANG_WARN_INFINITE_RECURSION = YES;
				CLANG_WARN_INT_CONVERSION = YES;
				CLANG_WARN_NON_LITERAL_NULL_CONVERSION = YES;
				CLANG_WARN_OBJC_IMPLICIT_RETAIN_SELF = YES;
				CLANG_WARN_OBJC_LITERAL_CONVERSION = YES;
				CLANG_WARN_OBJC_ROOT_CLASS = YES_ERROR;
				CLANG_WARN_QUOTED_INCLUDE_IN_FRAMEWORK_HEADER = YES;
				CLANG_WARN_RANGE_LOOP_ANALYSIS = YES;
				CLANG_WARN_STRICT_PROTOTYPES = YES;
				CLANG_WARN_SUSPICIOUS_MOVE = YES;
				CLANG_WARN_UNGUARDED_AVAILABILITY = YES_AGGRESSIVE;
				CLANG_WARN_UNREACHABLE_CODE = YES;
				CLANG_WARN__DUPLICATE_METHOD_MATCH = YES;
				COPY_PHASE_STRIP = NO;
				DEBUG_INFORMATION_FORMAT = dwarf;
				ENABLE_STRICT_OBJC_MSGSEND = YES;
				ENABLE_TESTABILITY = YES;
				GCC_C_LANGUAGE_STANDARD = gnu11;
				GCC_DYNAMIC_NO_PIC = NO;
				GCC_NO_COMMON_BLOCKS = YES;
				GCC_OPTIMIZATION_LEVEL = 0;
				GCC_PREPROCESSOR_DEFINITIONS = (
					"DEBUG=1",
					"$(inherited)",
				);
				GCC_WARN_64_TO_32_BIT_CONVERSION = YES;
				GCC_WARN_ABOUT_RETURN_TYPE = YES_ERROR;
				GCC_WARN_UNDECLARED_SELECTOR = YES;
				GCC_WARN_UNINITIALIZED_AUTOS = YES_AGGRESSIVE;
				GCC_WARN_UNUSED_FUNCTION = YES;
				GCC_WARN_UNUSED_VARIABLE = YES;
				IPHONEOS_DEPLOYMENT_TARGET = 14.0;
				MTL_ENABLE_DEBUG_INFO = INCLUDE_SOURCE;
				MTL_FAST_MATH = YES;
				ONLY_ACTIVE_ARCH = YES;
				SDKROOT = iphoneos;
				SWIFT_ACTIVE_COMPILATION_CONDITIONS = DEBUG;
				SWIFT_OPTIMIZATION_LEVEL = "-Onone";
			};
			name = Debug;
		};
		BFF84EBB28C6D40D00892CB5 /* Release */ = {
			isa = XCBuildConfiguration;
			buildSettings = {
				ALWAYS_SEARCH_USER_PATHS = NO;
				CLANG_ANALYZER_NONNULL = YES;
				CLANG_ANALYZER_NUMBER_OBJECT_CONVERSION = YES_AGGRESSIVE;
				CLANG_CXX_LANGUAGE_STANDARD = "gnu++17";
				CLANG_CXX_LIBRARY = "libc++";
				CLANG_ENABLE_MODULES = YES;
				CLANG_ENABLE_OBJC_ARC = YES;
				CLANG_ENABLE_OBJC_WEAK = YES;
				CLANG_WARN_BLOCK_CAPTURE_AUTORELEASING = YES;
				CLANG_WARN_BOOL_CONVERSION = YES;
				CLANG_WARN_COMMA = YES;
				CLANG_WARN_CONSTANT_CONVERSION = YES;
				CLANG_WARN_DEPRECATED_OBJC_IMPLEMENTATIONS = YES;
				CLANG_WARN_DIRECT_OBJC_ISA_USAGE = YES_ERROR;
				CLANG_WARN_DOCUMENTATION_COMMENTS = YES;
				CLANG_WARN_EMPTY_BODY = YES;
				CLANG_WARN_ENUM_CONVERSION = YES;
				CLANG_WARN_INFINITE_RECURSION = YES;
				CLANG_WARN_INT_CONVERSION = YES;
				CLANG_WARN_NON_LITERAL_NULL_CONVERSION = YES;
				CLANG_WARN_OBJC_IMPLICIT_RETAIN_SELF = YES;
				CLANG_WARN_OBJC_LITERAL_CONVERSION = YES;
				CLANG_WARN_OBJC_ROOT_CLASS = YES_ERROR;
				CLANG_WARN_QUOTED_INCLUDE_IN_FRAMEWORK_HEADER = YES;
				CLANG_WARN_RANGE_LOOP_ANALYSIS = YES;
				CLANG_WARN_STRICT_PROTOTYPES = YES;
				CLANG_WARN_SUSPICIOUS_MOVE = YES;
				CLANG_WARN_UNGUARDED_AVAILABILITY = YES_AGGRESSIVE;
				CLANG_WARN_UNREACHABLE_CODE = YES;
				CLANG_WARN__DUPLICATE_METHOD_MATCH = YES;
				COPY_PHASE_STRIP = NO;
				DEBUG_INFORMATION_FORMAT = "dwarf-with-dsym";
				ENABLE_NS_ASSERTIONS = NO;
				ENABLE_STRICT_OBJC_MSGSEND = YES;
				GCC_C_LANGUAGE_STANDARD = gnu11;
				GCC_NO_COMMON_BLOCKS = YES;
				GCC_WARN_64_TO_32_BIT_CONVERSION = YES;
				GCC_WARN_ABOUT_RETURN_TYPE = YES_ERROR;
				GCC_WARN_UNDECLARED_SELECTOR = YES;
				GCC_WARN_UNINITIALIZED_AUTOS = YES_AGGRESSIVE;
				GCC_WARN_UNUSED_FUNCTION = YES;
				GCC_WARN_UNUSED_VARIABLE = YES;
				IPHONEOS_DEPLOYMENT_TARGET = 14.0;
				MTL_ENABLE_DEBUG_INFO = NO;
				MTL_FAST_MATH = YES;
				SDKROOT = iphoneos;
				SWIFT_COMPILATION_MODE = wholemodule;
				SWIFT_OPTIMIZATION_LEVEL = "-O";
				VALIDATE_PRODUCT = YES;
			};
			name = Release;
		};
		BFF84EBD28C6D40D00892CB5 /* Debug */ = {
			isa = XCBuildConfiguration;
			baseConfigurationReference = 071A50D0B491B33B25C24E7C /* Pods-Melly.debug.xcconfig */;
			buildSettings = {
				ASSETCATALOG_COMPILER_APPICON_NAME = AppIcon;
				ASSETCATALOG_COMPILER_GLOBAL_ACCENT_COLOR_NAME = AccentColor;
				CODE_SIGN_ENTITLEMENTS = Melly/Melly.entitlements;
				CODE_SIGN_STYLE = Automatic;
				CURRENT_PROJECT_VERSION = 1;
				DEVELOPMENT_TEAM = GX47BK9CV6;
				GENERATE_INFOPLIST_FILE = YES;
				INFOPLIST_FILE = Melly/Info.plist;
				INFOPLIST_KEY_NSCameraUsageDescription = "카메라 권한 허용을 요청합니다.";
				INFOPLIST_KEY_NSLocationAlwaysAndWhenInUseUsageDescription = "사용자의 위치를 받습니다.";
				INFOPLIST_KEY_NSLocationAlwaysUsageDescription = "사용자의 위치를 받습니다.";
				INFOPLIST_KEY_NSLocationWhenInUseUsageDescription = "사용자의 위치를 받습니다.";
				INFOPLIST_KEY_NSPhotoLibraryAddUsageDescription = "사진 파일 접근 권한 허용을 요청합니다.";
				INFOPLIST_KEY_UIApplicationSupportsIndirectInputEvents = YES;
				INFOPLIST_KEY_UILaunchStoryboardName = LaunchScreen;
				INFOPLIST_KEY_UIStatusBarStyle = UIStatusBarStyleLightContent;
				INFOPLIST_KEY_UISupportedInterfaceOrientations = "UIInterfaceOrientationLandscapeLeft UIInterfaceOrientationLandscapeRight UIInterfaceOrientationPortrait";
				INFOPLIST_KEY_UISupportedInterfaceOrientations_iPad = "UIInterfaceOrientationLandscapeLeft UIInterfaceOrientationLandscapeRight UIInterfaceOrientationPortrait UIInterfaceOrientationPortraitUpsideDown";
				INFOPLIST_KEY_UIUserInterfaceStyle = Light;
				IPHONEOS_DEPLOYMENT_TARGET = 14.0;
				LD_RUNPATH_SEARCH_PATHS = (
					"$(inherited)",
					"@executable_path/Frameworks",
				);
				MARKETING_VERSION = 1.0;
				PRODUCT_BUNDLE_IDENTIFIER = com.neordinary.CMC11th.Melly;
				PRODUCT_NAME = "$(TARGET_NAME)";
				SUPPORTED_PLATFORMS = "iphoneos iphonesimulator";
				SUPPORTS_MACCATALYST = NO;
				SUPPORTS_MAC_DESIGNED_FOR_IPHONE_IPAD = NO;
				SWIFT_EMIT_LOC_STRINGS = YES;
				SWIFT_VERSION = 5.0;
				TARGETED_DEVICE_FAMILY = 1;
			};
			name = Debug;
		};
		BFF84EBE28C6D40D00892CB5 /* Release */ = {
			isa = XCBuildConfiguration;
			baseConfigurationReference = 8ABC0D681966E3BF5094BEBD /* Pods-Melly.release.xcconfig */;
			buildSettings = {
				ASSETCATALOG_COMPILER_APPICON_NAME = AppIcon;
				ASSETCATALOG_COMPILER_GLOBAL_ACCENT_COLOR_NAME = AccentColor;
				CODE_SIGN_ENTITLEMENTS = Melly/Melly.entitlements;
				CODE_SIGN_STYLE = Automatic;
				CURRENT_PROJECT_VERSION = 1;
				DEVELOPMENT_TEAM = GX47BK9CV6;
				GENERATE_INFOPLIST_FILE = YES;
				INFOPLIST_FILE = Melly/Info.plist;
				INFOPLIST_KEY_NSCameraUsageDescription = "카메라 권한 허용을 요청합니다.";
				INFOPLIST_KEY_NSLocationAlwaysAndWhenInUseUsageDescription = "사용자의 위치를 받습니다.";
				INFOPLIST_KEY_NSLocationAlwaysUsageDescription = "사용자의 위치를 받습니다.";
				INFOPLIST_KEY_NSLocationWhenInUseUsageDescription = "사용자의 위치를 받습니다.";
				INFOPLIST_KEY_NSPhotoLibraryAddUsageDescription = "사진 파일 접근 권한 허용을 요청합니다.";
				INFOPLIST_KEY_UIApplicationSupportsIndirectInputEvents = YES;
				INFOPLIST_KEY_UILaunchStoryboardName = LaunchScreen;
				INFOPLIST_KEY_UIStatusBarStyle = UIStatusBarStyleLightContent;
				INFOPLIST_KEY_UISupportedInterfaceOrientations = "UIInterfaceOrientationLandscapeLeft UIInterfaceOrientationLandscapeRight UIInterfaceOrientationPortrait";
				INFOPLIST_KEY_UISupportedInterfaceOrientations_iPad = "UIInterfaceOrientationLandscapeLeft UIInterfaceOrientationLandscapeRight UIInterfaceOrientationPortrait UIInterfaceOrientationPortraitUpsideDown";
				INFOPLIST_KEY_UIUserInterfaceStyle = Light;
				IPHONEOS_DEPLOYMENT_TARGET = 14.0;
				LD_RUNPATH_SEARCH_PATHS = (
					"$(inherited)",
					"@executable_path/Frameworks",
				);
				MARKETING_VERSION = 1.0;
				PRODUCT_BUNDLE_IDENTIFIER = com.neordinary.CMC11th.Melly;
				PRODUCT_NAME = "$(TARGET_NAME)";
				SUPPORTED_PLATFORMS = "iphoneos iphonesimulator";
				SUPPORTS_MACCATALYST = NO;
				SUPPORTS_MAC_DESIGNED_FOR_IPHONE_IPAD = NO;
				SWIFT_EMIT_LOC_STRINGS = YES;
				SWIFT_VERSION = 5.0;
				TARGETED_DEVICE_FAMILY = 1;
			};
			name = Release;
		};
/* End XCBuildConfiguration section */

/* Begin XCConfigurationList section */
		BFF84EA328C6D40B00892CB5 /* Build configuration list for PBXProject "Melly" */ = {
			isa = XCConfigurationList;
			buildConfigurations = (
				BFF84EBA28C6D40D00892CB5 /* Debug */,
				BFF84EBB28C6D40D00892CB5 /* Release */,
			);
			defaultConfigurationIsVisible = 0;
			defaultConfigurationName = Release;
		};
		BFF84EBC28C6D40D00892CB5 /* Build configuration list for PBXNativeTarget "Melly" */ = {
			isa = XCConfigurationList;
			buildConfigurations = (
				BFF84EBD28C6D40D00892CB5 /* Debug */,
				BFF84EBE28C6D40D00892CB5 /* Release */,
			);
			defaultConfigurationIsVisible = 0;
			defaultConfigurationName = Release;
		};
/* End XCConfigurationList section */
	};
	rootObject = BFF84EA028C6D40B00892CB5 /* Project object */;
}
