// !$*UTF8*$!
{
	archiveVersion = 1;
	classes = {
	};
	objectVersion = 55;
	objects = {

/* Begin PBXBuildFile section */
		BA879CDB5363EAB940476BC9 /* libPods-Melly.a in Frameworks */ = {isa = PBXBuildFile; fileRef = 4C05BE5F7DE65A72A784FC35 /* libPods-Melly.a */; };
		BF0A11C928CDCDEB00B06DE1 /* MainViewController.swift in Sources */ = {isa = PBXBuildFile; fileRef = BF0A11C828CDCDEB00B06DE1 /* MainViewController.swift */; };
		BF5A7F4528D0591A000A1B08 /* HomeViewController.swift in Sources */ = {isa = PBXBuildFile; fileRef = BF5A7F4428D0591A000A1B08 /* HomeViewController.swift */; };
		BF5A7F4728D05926000A1B08 /* ContainerViewController.swift in Sources */ = {isa = PBXBuildFile; fileRef = BF5A7F4628D05926000A1B08 /* ContainerViewController.swift */; };
		BF8F9AD728D064D700EAA49E /* ContentViewController.swift in Sources */ = {isa = PBXBuildFile; fileRef = BF8F9AD628D064D700EAA49E /* ContentViewController.swift */; };
		BFA3398F28C82A4E00C1CD4C /* GoogleService-Info.plist in Resources */ = {isa = PBXBuildFile; fileRef = BFA3398E28C82A4E00C1CD4C /* GoogleService-Info.plist */; };
		BFA3399328C832E500C1CD4C /* LoginViewController.swift in Sources */ = {isa = PBXBuildFile; fileRef = BFA3399228C832E500C1CD4C /* LoginViewController.swift */; };
		BFA3399628C8349B00C1CD4C /* UIKitExtension.swift in Sources */ = {isa = PBXBuildFile; fileRef = BFA3399528C8349B00C1CD4C /* UIKitExtension.swift */; };
		BFA3399828C836F300C1CD4C /* LoginViewModel.swift in Sources */ = {isa = PBXBuildFile; fileRef = BFA3399728C836F300C1CD4C /* LoginViewModel.swift */; };
		BFF84EAC28C6D40B00892CB5 /* AppDelegate.swift in Sources */ = {isa = PBXBuildFile; fileRef = BFF84EAB28C6D40B00892CB5 /* AppDelegate.swift */; };
		BFF84EAE28C6D40B00892CB5 /* SceneDelegate.swift in Sources */ = {isa = PBXBuildFile; fileRef = BFF84EAD28C6D40B00892CB5 /* SceneDelegate.swift */; };
		BFF84EB028C6D40B00892CB5 /* ViewController.swift in Sources */ = {isa = PBXBuildFile; fileRef = BFF84EAF28C6D40B00892CB5 /* ViewController.swift */; };
		BFF84EB328C6D40B00892CB5 /* Main.storyboard in Resources */ = {isa = PBXBuildFile; fileRef = BFF84EB128C6D40B00892CB5 /* Main.storyboard */; };
		BFF84EB528C6D40D00892CB5 /* Assets.xcassets in Resources */ = {isa = PBXBuildFile; fileRef = BFF84EB428C6D40D00892CB5 /* Assets.xcassets */; };
		BFF84EB828C6D40D00892CB5 /* LaunchScreen.storyboard in Resources */ = {isa = PBXBuildFile; fileRef = BFF84EB628C6D40D00892CB5 /* LaunchScreen.storyboard */; };
/* End PBXBuildFile section */

/* Begin PBXFileReference section */
		071A50D0B491B33B25C24E7C /* Pods-Melly.debug.xcconfig */ = {isa = PBXFileReference; includeInIndex = 1; lastKnownFileType = text.xcconfig; name = "Pods-Melly.debug.xcconfig"; path = "Target Support Files/Pods-Melly/Pods-Melly.debug.xcconfig"; sourceTree = "<group>"; };
		4C05BE5F7DE65A72A784FC35 /* libPods-Melly.a */ = {isa = PBXFileReference; explicitFileType = archive.ar; includeInIndex = 0; path = "libPods-Melly.a"; sourceTree = BUILT_PRODUCTS_DIR; };
		8ABC0D681966E3BF5094BEBD /* Pods-Melly.release.xcconfig */ = {isa = PBXFileReference; includeInIndex = 1; lastKnownFileType = text.xcconfig; name = "Pods-Melly.release.xcconfig"; path = "Target Support Files/Pods-Melly/Pods-Melly.release.xcconfig"; sourceTree = "<group>"; };
		BF0A11C828CDCDEB00B06DE1 /* MainViewController.swift */ = {isa = PBXFileReference; lastKnownFileType = sourcecode.swift; path = MainViewController.swift; sourceTree = "<group>"; };
		BF5A7F4428D0591A000A1B08 /* HomeViewController.swift */ = {isa = PBXFileReference; lastKnownFileType = sourcecode.swift; path = HomeViewController.swift; sourceTree = "<group>"; };
		BF5A7F4628D05926000A1B08 /* ContainerViewController.swift */ = {isa = PBXFileReference; lastKnownFileType = sourcecode.swift; path = ContainerViewController.swift; sourceTree = "<group>"; };
		BF8F9AD628D064D700EAA49E /* ContentViewController.swift */ = {isa = PBXFileReference; lastKnownFileType = sourcecode.swift; path = ContentViewController.swift; sourceTree = "<group>"; };
		BFA3398E28C82A4E00C1CD4C /* GoogleService-Info.plist */ = {isa = PBXFileReference; fileEncoding = 4; lastKnownFileType = text.plist.xml; path = "GoogleService-Info.plist"; sourceTree = "<group>"; };
		BFA3399228C832E500C1CD4C /* LoginViewController.swift */ = {isa = PBXFileReference; lastKnownFileType = sourcecode.swift; path = LoginViewController.swift; sourceTree = "<group>"; };
		BFA3399528C8349B00C1CD4C /* UIKitExtension.swift */ = {isa = PBXFileReference; lastKnownFileType = sourcecode.swift; path = UIKitExtension.swift; sourceTree = "<group>"; };
		BFA3399728C836F300C1CD4C /* LoginViewModel.swift */ = {isa = PBXFileReference; lastKnownFileType = sourcecode.swift; path = LoginViewModel.swift; sourceTree = "<group>"; };
		BFBDC76828C9A98400DA6330 /* Melly.entitlements */ = {isa = PBXFileReference; lastKnownFileType = text.plist.entitlements; path = Melly.entitlements; sourceTree = "<group>"; };
		BFF84EA828C6D40B00892CB5 /* Melly.app */ = {isa = PBXFileReference; explicitFileType = wrapper.application; includeInIndex = 0; path = Melly.app; sourceTree = BUILT_PRODUCTS_DIR; };
		BFF84EAB28C6D40B00892CB5 /* AppDelegate.swift */ = {isa = PBXFileReference; lastKnownFileType = sourcecode.swift; path = AppDelegate.swift; sourceTree = "<group>"; };
		BFF84EAD28C6D40B00892CB5 /* SceneDelegate.swift */ = {isa = PBXFileReference; lastKnownFileType = sourcecode.swift; path = SceneDelegate.swift; sourceTree = "<group>"; };
		BFF84EAF28C6D40B00892CB5 /* ViewController.swift */ = {isa = PBXFileReference; lastKnownFileType = sourcecode.swift; path = ViewController.swift; sourceTree = "<group>"; };
		BFF84EB228C6D40B00892CB5 /* Base */ = {isa = PBXFileReference; lastKnownFileType = file.storyboard; name = Base; path = Base.lproj/Main.storyboard; sourceTree = "<group>"; };
		BFF84EB428C6D40D00892CB5 /* Assets.xcassets */ = {isa = PBXFileReference; lastKnownFileType = folder.assetcatalog; path = Assets.xcassets; sourceTree = "<group>"; };
		BFF84EB728C6D40D00892CB5 /* Base */ = {isa = PBXFileReference; lastKnownFileType = file.storyboard; name = Base; path = Base.lproj/LaunchScreen.storyboard; sourceTree = "<group>"; };
		BFF84EB928C6D40D00892CB5 /* Info.plist */ = {isa = PBXFileReference; lastKnownFileType = text.plist.xml; path = Info.plist; sourceTree = "<group>"; };
/* End PBXFileReference section */

/* Begin PBXFrameworksBuildPhase section */
		BFF84EA528C6D40B00892CB5 /* Frameworks */ = {
			isa = PBXFrameworksBuildPhase;
			buildActionMask = 2147483647;
			files = (
				BA879CDB5363EAB940476BC9 /* libPods-Melly.a in Frameworks */,
			);
			runOnlyForDeploymentPostprocessing = 0;
		};
/* End PBXFrameworksBuildPhase section */

/* Begin PBXGroup section */
		5E641E69FB9F32094F1D0756 /* Pods */ = {
			isa = PBXGroup;
			children = (
				071A50D0B491B33B25C24E7C /* Pods-Melly.debug.xcconfig */,
				8ABC0D681966E3BF5094BEBD /* Pods-Melly.release.xcconfig */,
			);
			path = Pods;
			sourceTree = "<group>";
		};
		BF0A11C728CDCDA600B06DE1 /* Main */ = {
			isa = PBXGroup;
			children = (
				BF0A11C828CDCDEB00B06DE1 /* MainViewController.swift */,
				BF5A7F4428D0591A000A1B08 /* HomeViewController.swift */,
				BF5A7F4628D05926000A1B08 /* ContainerViewController.swift */,
				BF8F9AD628D064D700EAA49E /* ContentViewController.swift */,
			);
			path = Main;
			sourceTree = "<group>";
		};
		BFA3399028C832B900C1CD4C /* Login */ = {
			isa = PBXGroup;
			children = (
				BFA3399228C832E500C1CD4C /* LoginViewController.swift */,
				BFA3399728C836F300C1CD4C /* LoginViewModel.swift */,
			);
			path = Login;
			sourceTree = "<group>";
		};
		BFA3399428C8348400C1CD4C /* Util */ = {
			isa = PBXGroup;
			children = (
				BFA3399528C8349B00C1CD4C /* UIKitExtension.swift */,
			);
			path = Util;
			sourceTree = "<group>";
		};
		BFF84E9F28C6D40B00892CB5 = {
			isa = PBXGroup;
			children = (
				BFF84EAA28C6D40B00892CB5 /* Melly */,
				BFF84EA928C6D40B00892CB5 /* Products */,
				5E641E69FB9F32094F1D0756 /* Pods */,
				D1B2ED6D40475CC2E290BCA9 /* Frameworks */,
			);
			sourceTree = "<group>";
		};
		BFF84EA928C6D40B00892CB5 /* Products */ = {
			isa = PBXGroup;
			children = (
				BFF84EA828C6D40B00892CB5 /* Melly.app */,
			);
			name = Products;
			sourceTree = "<group>";
		};
		BFF84EAA28C6D40B00892CB5 /* Melly */ = {
			isa = PBXGroup;
			children = (
				BF0A11C728CDCDA600B06DE1 /* Main */,
				BFBDC76828C9A98400DA6330 /* Melly.entitlements */,
				BFA3399428C8348400C1CD4C /* Util */,
				BFA3399028C832B900C1CD4C /* Login */,
				BFF84EAB28C6D40B00892CB5 /* AppDelegate.swift */,
				BFF84EAD28C6D40B00892CB5 /* SceneDelegate.swift */,
				BFF84EAF28C6D40B00892CB5 /* ViewController.swift */,
				BFF84EB128C6D40B00892CB5 /* Main.storyboard */,
				BFA3398E28C82A4E00C1CD4C /* GoogleService-Info.plist */,
				BFF84EB428C6D40D00892CB5 /* Assets.xcassets */,
				BFF84EB628C6D40D00892CB5 /* LaunchScreen.storyboard */,
				BFF84EB928C6D40D00892CB5 /* Info.plist */,
			);
			path = Melly;
			sourceTree = "<group>";
		};
		D1B2ED6D40475CC2E290BCA9 /* Frameworks */ = {
			isa = PBXGroup;
			children = (
				4C05BE5F7DE65A72A784FC35 /* libPods-Melly.a */,
			);
			name = Frameworks;
			sourceTree = "<group>";
		};
/* End PBXGroup section */

/* Begin PBXNativeTarget section */
		BFF84EA728C6D40B00892CB5 /* Melly */ = {
			isa = PBXNativeTarget;
			buildConfigurationList = BFF84EBC28C6D40D00892CB5 /* Build configuration list for PBXNativeTarget "Melly" */;
			buildPhases = (
				DB440BEA8BD619320549F003 /* [CP] Check Pods Manifest.lock */,
				BFF84EA428C6D40B00892CB5 /* Sources */,
				BFF84EA528C6D40B00892CB5 /* Frameworks */,
				BFF84EA628C6D40B00892CB5 /* Resources */,
				4993B8C6364770EEF5FFE7B4 /* [CP] Embed Pods Frameworks */,
				65CE0EAECD005B3B3B59BDC2 /* [CP] Copy Pods Resources */,
			);
			buildRules = (
			);
			dependencies = (
			);
			name = Melly;
			productName = Melly;
			productReference = BFF84EA828C6D40B00892CB5 /* Melly.app */;
			productType = "com.apple.product-type.application";
		};
/* End PBXNativeTarget section */

/* Begin PBXProject section */
		BFF84EA028C6D40B00892CB5 /* Project object */ = {
			isa = PBXProject;
			attributes = {
				BuildIndependentTargetsInParallel = 1;
				LastSwiftUpdateCheck = 1320;
				LastUpgradeCheck = 1320;
				TargetAttributes = {
					BFF84EA728C6D40B00892CB5 = {
						CreatedOnToolsVersion = 13.2;
					};
				};
			};
			buildConfigurationList = BFF84EA328C6D40B00892CB5 /* Build configuration list for PBXProject "Melly" */;
			compatibilityVersion = "Xcode 13.0";
			developmentRegion = en;
			hasScannedForEncodings = 0;
			knownRegions = (
				en,
				Base,
			);
			mainGroup = BFF84E9F28C6D40B00892CB5;
			productRefGroup = BFF84EA928C6D40B00892CB5 /* Products */;
			projectDirPath = "";
			projectRoot = "";
			targets = (
				BFF84EA728C6D40B00892CB5 /* Melly */,
			);
		};
/* End PBXProject section */

/* Begin PBXResourcesBuildPhase section */
		BFF84EA628C6D40B00892CB5 /* Resources */ = {
			isa = PBXResourcesBuildPhase;
			buildActionMask = 2147483647;
			files = (
				BFF84EB828C6D40D00892CB5 /* LaunchScreen.storyboard in Resources */,
				BFA3398F28C82A4E00C1CD4C /* GoogleService-Info.plist in Resources */,
				BFF84EB528C6D40D00892CB5 /* Assets.xcassets in Resources */,
				BFF84EB328C6D40B00892CB5 /* Main.storyboard in Resources */,
			);
			runOnlyForDeploymentPostprocessing = 0;
		};
/* End PBXResourcesBuildPhase section */

/* Begin PBXShellScriptBuildPhase section */
		4993B8C6364770EEF5FFE7B4 /* [CP] Embed Pods Frameworks */ = {
			isa = PBXShellScriptBuildPhase;
			buildActionMask = 2147483647;
			files = (
			);
			inputFileListPaths = (
				"${PODS_ROOT}/Target Support Files/Pods-Melly/Pods-Melly-frameworks-${CONFIGURATION}-input-files.xcfilelist",
			);
			name = "[CP] Embed Pods Frameworks";
			outputFileListPaths = (
				"${PODS_ROOT}/Target Support Files/Pods-Melly/Pods-Melly-frameworks-${CONFIGURATION}-output-files.xcfilelist",
			);
			runOnlyForDeploymentPostprocessing = 0;
			shellPath = /bin/sh;
			shellScript = "\"${PODS_ROOT}/Target Support Files/Pods-Melly/Pods-Melly-frameworks.sh\"\n";
			showEnvVarsInLog = 0;
		};
		65CE0EAECD005B3B3B59BDC2 /* [CP] Copy Pods Resources */ = {
			isa = PBXShellScriptBuildPhase;
			buildActionMask = 2147483647;
			files = (
			);
			inputFileListPaths = (
				"${PODS_ROOT}/Target Support Files/Pods-Melly/Pods-Melly-resources-${CONFIGURATION}-input-files.xcfilelist",
			);
			name = "[CP] Copy Pods Resources";
			outputFileListPaths = (
				"${PODS_ROOT}/Target Support Files/Pods-Melly/Pods-Melly-resources-${CONFIGURATION}-output-files.xcfilelist",
			);
			runOnlyForDeploymentPostprocessing = 0;
			shellPath = /bin/sh;
			shellScript = "\"${PODS_ROOT}/Target Support Files/Pods-Melly/Pods-Melly-resources.sh\"\n";
			showEnvVarsInLog = 0;
		};
		DB440BEA8BD619320549F003 /* [CP] Check Pods Manifest.lock */ = {
			isa = PBXShellScriptBuildPhase;
			buildActionMask = 2147483647;
			files = (
			);
			inputFileListPaths = (
			);
			inputPaths = (
				"${PODS_PODFILE_DIR_PATH}/Podfile.lock",
				"${PODS_ROOT}/Manifest.lock",
			);
			name = "[CP] Check Pods Manifest.lock";
			outputFileListPaths = (
			);
			outputPaths = (
				"$(DERIVED_FILE_DIR)/Pods-Melly-checkManifestLockResult.txt",
			);
			runOnlyForDeploymentPostprocessing = 0;
			shellPath = /bin/sh;
			shellScript = "diff \"${PODS_PODFILE_DIR_PATH}/Podfile.lock\" \"${PODS_ROOT}/Manifest.lock\" > /dev/null\nif [ $? != 0 ] ; then\n    # print error to STDERR\n    echo \"error: The sandbox is not in sync with the Podfile.lock. Run 'pod install' or update your CocoaPods installation.\" >&2\n    exit 1\nfi\n# This output is used by Xcode 'outputs' to avoid re-running this script phase.\necho \"SUCCESS\" > \"${SCRIPT_OUTPUT_FILE_0}\"\n";
			showEnvVarsInLog = 0;
		};
/* End PBXShellScriptBuildPhase section */

/* Begin PBXSourcesBuildPhase section */
		BFF84EA428C6D40B00892CB5 /* Sources */ = {
			isa = PBXSourcesBuildPhase;
			buildActionMask = 2147483647;
			files = (
				BF8F9AD728D064D700EAA49E /* ContentViewController.swift in Sources */,
				BFA3399328C832E500C1CD4C /* LoginViewController.swift in Sources */,
				BFF84EB028C6D40B00892CB5 /* ViewController.swift in Sources */,
				BFA3399828C836F300C1CD4C /* LoginViewModel.swift in Sources */,
				BF5A7F4528D0591A000A1B08 /* HomeViewController.swift in Sources */,
				BFF84EAC28C6D40B00892CB5 /* AppDelegate.swift in Sources */,
				BFA3399628C8349B00C1CD4C /* UIKitExtension.swift in Sources */,
				BF0A11C928CDCDEB00B06DE1 /* MainViewController.swift in Sources */,
				BF5A7F4728D05926000A1B08 /* ContainerViewController.swift in Sources */,
				BFF84EAE28C6D40B00892CB5 /* SceneDelegate.swift in Sources */,
			);
			runOnlyForDeploymentPostprocessing = 0;
		};
/* End PBXSourcesBuildPhase section */

/* Begin PBXVariantGroup section */
		BFF84EB128C6D40B00892CB5 /* Main.storyboard */ = {
			isa = PBXVariantGroup;
			children = (
				BFF84EB228C6D40B00892CB5 /* Base */,
			);
			name = Main.storyboard;
			sourceTree = "<group>";
		};
		BFF84EB628C6D40D00892CB5 /* LaunchScreen.storyboard */ = {
			isa = PBXVariantGroup;
			children = (
				BFF84EB728C6D40D00892CB5 /* Base */,
			);
			name = LaunchScreen.storyboard;
			sourceTree = "<group>";
		};
/* End PBXVariantGroup section */

/* Begin XCBuildConfiguration section */
		BFF84EBA28C6D40D00892CB5 /* Debug */ = {
			isa = XCBuildConfiguration;
			buildSettings = {
				ALWAYS_SEARCH_USER_PATHS = NO;
				CLANG_ANALYZER_NONNULL = YES;
				CLANG_ANALYZER_NUMBER_OBJECT_CONVERSION = YES_AGGRESSIVE;
				CLANG_CXX_LANGUAGE_STANDARD = "gnu++17";
				CLANG_CXX_LIBRARY = "libc++";
				CLANG_ENABLE_MODULES = YES;
				CLANG_ENABLE_OBJC_ARC = YES;
				CLANG_ENABLE_OBJC_WEAK = YES;
				CLANG_WARN_BLOCK_CAPTURE_AUTORELEASING = YES;
				CLANG_WARN_BOOL_CONVERSION = YES;
				CLANG_WARN_COMMA = YES;
				CLANG_WARN_CONSTANT_CONVERSION = YES;
				CLANG_WARN_DEPRECATED_OBJC_IMPLEMENTATIONS = YES;
				CLANG_WARN_DIRECT_OBJC_ISA_USAGE = YES_ERROR;
				CLANG_WARN_DOCUMENTATION_COMMENTS = YES;
				CLANG_WARN_EMPTY_BODY = YES;
				CLANG_WARN_ENUM_CONVERSION = YES;
				CLANG_WARN_INFINITE_RECURSION = YES;
				CLANG_WARN_INT_CONVERSION = YES;
				CLANG_WARN_NON_LITERAL_NULL_CONVERSION = YES;
				CLANG_WARN_OBJC_IMPLICIT_RETAIN_SELF = YES;
				CLANG_WARN_OBJC_LITERAL_CONVERSION = YES;
				CLANG_WARN_OBJC_ROOT_CLASS = YES_ERROR;
				CLANG_WARN_QUOTED_INCLUDE_IN_FRAMEWORK_HEADER = YES;
				CLANG_WARN_RANGE_LOOP_ANALYSIS = YES;
				CLANG_WARN_STRICT_PROTOTYPES = YES;
				CLANG_WARN_SUSPICIOUS_MOVE = YES;
				CLANG_WARN_UNGUARDED_AVAILABILITY = YES_AGGRESSIVE;
				CLANG_WARN_UNREACHABLE_CODE = YES;
				CLANG_WARN__DUPLICATE_METHOD_MATCH = YES;
				COPY_PHASE_STRIP = NO;
				DEBUG_INFORMATION_FORMAT = dwarf;
				ENABLE_STRICT_OBJC_MSGSEND = YES;
				ENABLE_TESTABILITY = YES;
				GCC_C_LANGUAGE_STANDARD = gnu11;
				GCC_DYNAMIC_NO_PIC = NO;
				GCC_NO_COMMON_BLOCKS = YES;
				GCC_OPTIMIZATION_LEVEL = 0;
				GCC_PREPROCESSOR_DEFINITIONS = (
					"DEBUG=1",
					"$(inherited)",
				);
				GCC_WARN_64_TO_32_BIT_CONVERSION = YES;
				GCC_WARN_ABOUT_RETURN_TYPE = YES_ERROR;
				GCC_WARN_UNDECLARED_SELECTOR = YES;
				GCC_WARN_UNINITIALIZED_AUTOS = YES_AGGRESSIVE;
				GCC_WARN_UNUSED_FUNCTION = YES;
				GCC_WARN_UNUSED_VARIABLE = YES;
				IPHONEOS_DEPLOYMENT_TARGET = 15.2;
				MTL_ENABLE_DEBUG_INFO = INCLUDE_SOURCE;
				MTL_FAST_MATH = YES;
				ONLY_ACTIVE_ARCH = YES;
				SDKROOT = iphoneos;
				SWIFT_ACTIVE_COMPILATION_CONDITIONS = DEBUG;
				SWIFT_OPTIMIZATION_LEVEL = "-Onone";
			};
			name = Debug;
		};
		BFF84EBB28C6D40D00892CB5 /* Release */ = {
			isa = XCBuildConfiguration;
			buildSettings = {
				ALWAYS_SEARCH_USER_PATHS = NO;
				CLANG_ANALYZER_NONNULL = YES;
				CLANG_ANALYZER_NUMBER_OBJECT_CONVERSION = YES_AGGRESSIVE;
				CLANG_CXX_LANGUAGE_STANDARD = "gnu++17";
				CLANG_CXX_LIBRARY = "libc++";
				CLANG_ENABLE_MODULES = YES;
				CLANG_ENABLE_OBJC_ARC = YES;
				CLANG_ENABLE_OBJC_WEAK = YES;
				CLANG_WARN_BLOCK_CAPTURE_AUTORELEASING = YES;
				CLANG_WARN_BOOL_CONVERSION = YES;
				CLANG_WARN_COMMA = YES;
				CLANG_WARN_CONSTANT_CONVERSION = YES;
				CLANG_WARN_DEPRECATED_OBJC_IMPLEMENTATIONS = YES;
				CLANG_WARN_DIRECT_OBJC_ISA_USAGE = YES_ERROR;
				CLANG_WARN_DOCUMENTATION_COMMENTS = YES;
				CLANG_WARN_EMPTY_BODY = YES;
				CLANG_WARN_ENUM_CONVERSION = YES;
				CLANG_WARN_INFINITE_RECURSION = YES;
				CLANG_WARN_INT_CONVERSION = YES;
				CLANG_WARN_NON_LITERAL_NULL_CONVERSION = YES;
				CLANG_WARN_OBJC_IMPLICIT_RETAIN_SELF = YES;
				CLANG_WARN_OBJC_LITERAL_CONVERSION = YES;
				CLANG_WARN_OBJC_ROOT_CLASS = YES_ERROR;
				CLANG_WARN_QUOTED_INCLUDE_IN_FRAMEWORK_HEADER = YES;
				CLANG_WARN_RANGE_LOOP_ANALYSIS = YES;
				CLANG_WARN_STRICT_PROTOTYPES = YES;
				CLANG_WARN_SUSPICIOUS_MOVE = YES;
				CLANG_WARN_UNGUARDED_AVAILABILITY = YES_AGGRESSIVE;
				CLANG_WARN_UNREACHABLE_CODE = YES;
				CLANG_WARN__DUPLICATE_METHOD_MATCH = YES;
				COPY_PHASE_STRIP = NO;
				DEBUG_INFORMATION_FORMAT = "dwarf-with-dsym";
				ENABLE_NS_ASSERTIONS = NO;
				ENABLE_STRICT_OBJC_MSGSEND = YES;
				GCC_C_LANGUAGE_STANDARD = gnu11;
				GCC_NO_COMMON_BLOCKS = YES;
				GCC_WARN_64_TO_32_BIT_CONVERSION = YES;
				GCC_WARN_ABOUT_RETURN_TYPE = YES_ERROR;
				GCC_WARN_UNDECLARED_SELECTOR = YES;
				GCC_WARN_UNINITIALIZED_AUTOS = YES_AGGRESSIVE;
				GCC_WARN_UNUSED_FUNCTION = YES;
				GCC_WARN_UNUSED_VARIABLE = YES;
				IPHONEOS_DEPLOYMENT_TARGET = 15.2;
				MTL_ENABLE_DEBUG_INFO = NO;
				MTL_FAST_MATH = YES;
				SDKROOT = iphoneos;
				SWIFT_COMPILATION_MODE = wholemodule;
				SWIFT_OPTIMIZATION_LEVEL = "-O";
				VALIDATE_PRODUCT = YES;
			};
			name = Release;
		};
		BFF84EBD28C6D40D00892CB5 /* Debug */ = {
			isa = XCBuildConfiguration;
			baseConfigurationReference = 071A50D0B491B33B25C24E7C /* Pods-Melly.debug.xcconfig */;
			buildSettings = {
				ASSETCATALOG_COMPILER_APPICON_NAME = AppIcon;
				ASSETCATALOG_COMPILER_GLOBAL_ACCENT_COLOR_NAME = AccentColor;
				CODE_SIGN_ENTITLEMENTS = Melly/Melly.entitlements;
				CODE_SIGN_STYLE = Automatic;
				CURRENT_PROJECT_VERSION = 1;
				DEVELOPMENT_TEAM = GX47BK9CV6;
				GENERATE_INFOPLIST_FILE = YES;
				INFOPLIST_FILE = Melly/Info.plist;
				INFOPLIST_KEY_UIApplicationSupportsIndirectInputEvents = YES;
				INFOPLIST_KEY_UILaunchStoryboardName = LaunchScreen;
				INFOPLIST_KEY_UIMainStoryboardFile = Main;
				INFOPLIST_KEY_UISupportedInterfaceOrientations_iPad = "UIInterfaceOrientationPortrait UIInterfaceOrientationPortraitUpsideDown UIInterfaceOrientationLandscapeLeft UIInterfaceOrientationLandscapeRight";
				INFOPLIST_KEY_UISupportedInterfaceOrientations_iPhone = "UIInterfaceOrientationPortrait UIInterfaceOrientationLandscapeLeft UIInterfaceOrientationLandscapeRight";
				IPHONEOS_DEPLOYMENT_TARGET = 13.0;
				LD_RUNPATH_SEARCH_PATHS = (
					"$(inherited)",
					"@executable_path/Frameworks",
				);
				MARKETING_VERSION = 1.0;
				PRODUCT_BUNDLE_IDENTIFIER = com.neordinary.CMC11th.Melly;
				PRODUCT_NAME = "$(TARGET_NAME)";
				SWIFT_EMIT_LOC_STRINGS = YES;
				SWIFT_VERSION = 5.0;
				TARGETED_DEVICE_FAMILY = 1;
			};
			name = Debug;
		};
		BFF84EBE28C6D40D00892CB5 /* Release */ = {
			isa = XCBuildConfiguration;
			baseConfigurationReference = 8ABC0D681966E3BF5094BEBD /* Pods-Melly.release.xcconfig */;
			buildSettings = {
				ASSETCATALOG_COMPILER_APPICON_NAME = AppIcon;
				ASSETCATALOG_COMPILER_GLOBAL_ACCENT_COLOR_NAME = AccentColor;
				CODE_SIGN_ENTITLEMENTS = Melly/Melly.entitlements;
				CODE_SIGN_STYLE = Automatic;
				CURRENT_PROJECT_VERSION = 1;
				DEVELOPMENT_TEAM = GX47BK9CV6;
				GENERATE_INFOPLIST_FILE = YES;
				INFOPLIST_FILE = Melly/Info.plist;
				INFOPLIST_KEY_UIApplicationSupportsIndirectInputEvents = YES;
				INFOPLIST_KEY_UILaunchStoryboardName = LaunchScreen;
				INFOPLIST_KEY_UIMainStoryboardFile = Main;
				INFOPLIST_KEY_UISupportedInterfaceOrientations_iPad = "UIInterfaceOrientationPortrait UIInterfaceOrientationPortraitUpsideDown UIInterfaceOrientationLandscapeLeft UIInterfaceOrientationLandscapeRight";
				INFOPLIST_KEY_UISupportedInterfaceOrientations_iPhone = "UIInterfaceOrientationPortrait UIInterfaceOrientationLandscapeLeft UIInterfaceOrientationLandscapeRight";
				IPHONEOS_DEPLOYMENT_TARGET = 13.0;
				LD_RUNPATH_SEARCH_PATHS = (
					"$(inherited)",
					"@executable_path/Frameworks",
				);
				MARKETING_VERSION = 1.0;
				PRODUCT_BUNDLE_IDENTIFIER = com.neordinary.CMC11th.Melly;
				PRODUCT_NAME = "$(TARGET_NAME)";
				SWIFT_EMIT_LOC_STRINGS = YES;
				SWIFT_VERSION = 5.0;
				TARGETED_DEVICE_FAMILY = 1;
			};
			name = Release;
		};
/* End XCBuildConfiguration section */

/* Begin XCConfigurationList section */
		BFF84EA328C6D40B00892CB5 /* Build configuration list for PBXProject "Melly" */ = {
			isa = XCConfigurationList;
			buildConfigurations = (
				BFF84EBA28C6D40D00892CB5 /* Debug */,
				BFF84EBB28C6D40D00892CB5 /* Release */,
			);
			defaultConfigurationIsVisible = 0;
			defaultConfigurationName = Release;
		};
		BFF84EBC28C6D40D00892CB5 /* Build configuration list for PBXNativeTarget "Melly" */ = {
			isa = XCConfigurationList;
			buildConfigurations = (
				BFF84EBD28C6D40D00892CB5 /* Debug */,
				BFF84EBE28C6D40D00892CB5 /* Release */,
			);
			defaultConfigurationIsVisible = 0;
			defaultConfigurationName = Release;
		};
/* End XCConfigurationList section */
	};
	rootObject = BFF84EA028C6D40B00892CB5 /* Project object */;
}
